
Microsoft Visual Studio Solution File, Format Version 12.00
# Visual Studio 14
VisualStudioVersion = 14.0.25420.1
MinimumVisualStudioVersion = 10.0.40219.1
Project("{FAE04EC0-301F-11D3-BF4B-00C04F79EFBC}") = "Engine", "Engine\Engine.csproj", "{3BA74071-A8FB-473A-9388-0C8F75872F41}"
EndProject
Project("{FAE04EC0-301F-11D3-BF4B-00C04F79EFBC}") = "Game", "Game\Game.csproj", "{2648914C-B19F-43C1-B495-11C0585708F3}"
	ProjectSection(ProjectDependencies) = postProject
		{3BA74071-A8FB-473A-9388-0C8F75872F41} = {3BA74071-A8FB-473A-9388-0C8F75872F41}
	EndProjectSection
EndProject
Project("{FAE04EC0-301F-11D3-BF4B-00C04F79EFBC}") = "OpenTK", "..\OpenTK\src\OpenTK\OpenTK.csproj", "{A37A7E14-0000-0000-0000-000000000000}"
EndProject
Project("{FAE04EC0-301F-11D3-BF4B-00C04F79EFBC}") = "Editor", "Editor\Editor.csproj", "{9F363CE1-89EB-46E4-9274-48D58F337377}"
	ProjectSection(ProjectDependencies) = postProject
		{A37A7E14-0000-0000-0000-000000000000} = {A37A7E14-0000-0000-0000-000000000000}
		{2648914C-B19F-43C1-B495-11C0585708F3} = {2648914C-B19F-43C1-B495-11C0585708F3}
		{3BA74071-A8FB-473A-9388-0C8F75872F41} = {3BA74071-A8FB-473A-9388-0C8F75872F41}
	EndProjectSection
EndProject
Global
	GlobalSection(SolutionConfigurationPlatforms) = preSolution
		Debug|Any CPU = Debug|Any CPU
		Release|Any CPU = Release|Any CPU
	EndGlobalSection
	GlobalSection(ProjectConfigurationPlatforms) = postSolution
		{3BA74071-A8FB-473A-9388-0C8F75872F41}.Debug|Any CPU.ActiveCfg = Debug|Any CPU
		{3BA74071-A8FB-473A-9388-0C8F75872F41}.Debug|Any CPU.Build.0 = Debug|Any CPU
		{3BA74071-A8FB-473A-9388-0C8F75872F41}.Release|Any CPU.ActiveCfg = Release|Any CPU
		{3BA74071-A8FB-473A-9388-0C8F75872F41}.Release|Any CPU.Build.0 = Release|Any CPU
		{2648914C-B19F-43C1-B495-11C0585708F3}.Debug|Any CPU.ActiveCfg = Debug|Any CPU
		{2648914C-B19F-43C1-B495-11C0585708F3}.Debug|Any CPU.Build.0 = Debug|Any CPU
		{2648914C-B19F-43C1-B495-11C0585708F3}.Release|Any CPU.ActiveCfg = Release|Any CPU
		{2648914C-B19F-43C1-B495-11C0585708F3}.Release|Any CPU.Build.0 = Release|Any CPU
		{A37A7E14-0000-0000-0000-000000000000}.Debug|Any CPU.ActiveCfg = Debug|Any CPU
		{A37A7E14-0000-0000-0000-000000000000}.Debug|Any CPU.Build.0 = Debug|Any CPU
		{A37A7E14-0000-0000-0000-000000000000}.Release|Any CPU.ActiveCfg = Release|Any CPU
		{A37A7E14-0000-0000-0000-000000000000}.Release|Any CPU.Build.0 = Release|Any CPU
		{9F363CE1-89EB-46E4-9274-48D58F337377}.Debug|Any CPU.ActiveCfg = Debug|Any CPU
		{9F363CE1-89EB-46E4-9274-48D58F337377}.Debug|Any CPU.Build.0 = Debug|Any CPU
		{9F363CE1-89EB-46E4-9274-48D58F337377}.Release|Any CPU.ActiveCfg = Release|Any CPU
		{9F363CE1-89EB-46E4-9274-48D58F337377}.Release|Any CPU.Build.0 = Release|Any CPU
	EndGlobalSection
	GlobalSection(SolutionProperties) = preSolution
		HideSolutionNode = FALSE
	EndGlobalSection
EndGlobal
