
Microsoft Visual Studio Solution File, Format Version 12.00
# Visual Studio 15
VisualStudioVersion = 15.0.26430.6
MinimumVisualStudioVersion = 10.0.40219.1
Project("{FAE04EC0-301F-11D3-BF4B-00C04F79EFBC}") = "Engine", "Engine\Engine.csproj", "{3BA74071-A8FB-473A-9388-0C8F75872F41}"
EndProject
Project("{FAE04EC0-301F-11D3-BF4B-00C04F79EFBC}") = "WPF Editor", "Editor\WPF Editor.csproj", "{9F363CE1-89EB-46E4-9274-48D58F337377}"
EndProject
Project("{FAE04EC0-301F-11D3-BF4B-00C04F79EFBC}") = "Thera", "Game\Thera.csproj", "{8953C1AF-EC68-49D0-A62D-4D3DB1D2E8CE}"
EndProject
Project("{FAE04EC0-301F-11D3-BF4B-00C04F79EFBC}") = "Tetris", "Testris\Tetris.csproj", "{DB715DBE-E6DC-439C-BF3E-562978015829}"
EndProject
Project("{FAE04EC0-301F-11D3-BF4B-00C04F79EFBC}") = "Forms Editor", "Forms Editor\Forms Editor.csproj", "{87E68E70-16FA-4807-B5DB-04AB2468A8EF}"
EndProject
Global
	GlobalSection(SolutionConfigurationPlatforms) = preSolution
		DebugEditor|Any CPU = DebugEditor|Any CPU
		DebugEditor|x64 = DebugEditor|x64
		DebugEditor|x86 = DebugEditor|x86
		DebugGame|Any CPU = DebugGame|Any CPU
		DebugGame|x64 = DebugGame|x64
		DebugGame|x86 = DebugGame|x86
		ReleaseEditor|Any CPU = ReleaseEditor|Any CPU
		ReleaseEditor|x64 = ReleaseEditor|x64
		ReleaseEditor|x86 = ReleaseEditor|x86
		ReleaseGame|Any CPU = ReleaseGame|Any CPU
		ReleaseGame|x64 = ReleaseGame|x64
		ReleaseGame|x86 = ReleaseGame|x86
	EndGlobalSection
	GlobalSection(ProjectConfigurationPlatforms) = postSolution
		{3BA74071-A8FB-473A-9388-0C8F75872F41}.DebugEditor|Any CPU.ActiveCfg = DebugEditor|Any CPU
		{3BA74071-A8FB-473A-9388-0C8F75872F41}.DebugEditor|Any CPU.Build.0 = DebugEditor|Any CPU
		{3BA74071-A8FB-473A-9388-0C8F75872F41}.DebugEditor|x64.ActiveCfg = DebugEditor|x64
		{3BA74071-A8FB-473A-9388-0C8F75872F41}.DebugEditor|x64.Build.0 = DebugEditor|x64
		{3BA74071-A8FB-473A-9388-0C8F75872F41}.DebugEditor|x86.ActiveCfg = DebugEditor|x86
		{3BA74071-A8FB-473A-9388-0C8F75872F41}.DebugEditor|x86.Build.0 = DebugEditor|x86
		{3BA74071-A8FB-473A-9388-0C8F75872F41}.DebugGame|Any CPU.ActiveCfg = DebugGame|Any CPU
		{3BA74071-A8FB-473A-9388-0C8F75872F41}.DebugGame|Any CPU.Build.0 = DebugGame|Any CPU
		{3BA74071-A8FB-473A-9388-0C8F75872F41}.DebugGame|x64.ActiveCfg = DebugGame|x64
		{3BA74071-A8FB-473A-9388-0C8F75872F41}.DebugGame|x64.Build.0 = DebugGame|x64
		{3BA74071-A8FB-473A-9388-0C8F75872F41}.DebugGame|x86.ActiveCfg = DebugGame|x86
		{3BA74071-A8FB-473A-9388-0C8F75872F41}.DebugGame|x86.Build.0 = DebugGame|x86
		{3BA74071-A8FB-473A-9388-0C8F75872F41}.ReleaseEditor|Any CPU.ActiveCfg = ReleaseEditor|Any CPU
		{3BA74071-A8FB-473A-9388-0C8F75872F41}.ReleaseEditor|Any CPU.Build.0 = ReleaseEditor|Any CPU
		{3BA74071-A8FB-473A-9388-0C8F75872F41}.ReleaseEditor|x64.ActiveCfg = ReleaseEditor|x64
		{3BA74071-A8FB-473A-9388-0C8F75872F41}.ReleaseEditor|x64.Build.0 = ReleaseEditor|x64
		{3BA74071-A8FB-473A-9388-0C8F75872F41}.ReleaseEditor|x86.ActiveCfg = ReleaseEditor|x86
		{3BA74071-A8FB-473A-9388-0C8F75872F41}.ReleaseEditor|x86.Build.0 = ReleaseEditor|x86
		{3BA74071-A8FB-473A-9388-0C8F75872F41}.ReleaseGame|Any CPU.ActiveCfg = ReleaseGame|x86
		{3BA74071-A8FB-473A-9388-0C8F75872F41}.ReleaseGame|Any CPU.Build.0 = ReleaseGame|x86
		{3BA74071-A8FB-473A-9388-0C8F75872F41}.ReleaseGame|x64.ActiveCfg = ReleaseGame|x86
		{3BA74071-A8FB-473A-9388-0C8F75872F41}.ReleaseGame|x64.Build.0 = ReleaseGame|x86
		{3BA74071-A8FB-473A-9388-0C8F75872F41}.ReleaseGame|x86.ActiveCfg = ReleaseGame|x86
		{3BA74071-A8FB-473A-9388-0C8F75872F41}.ReleaseGame|x86.Build.0 = ReleaseGame|x86
		{9F363CE1-89EB-46E4-9274-48D58F337377}.DebugEditor|Any CPU.ActiveCfg = Debug|Any CPU
		{9F363CE1-89EB-46E4-9274-48D58F337377}.DebugEditor|x64.ActiveCfg = Debug|x64
		{9F363CE1-89EB-46E4-9274-48D58F337377}.DebugEditor|x86.ActiveCfg = Debug|x86
		{9F363CE1-89EB-46E4-9274-48D58F337377}.DebugGame|Any CPU.ActiveCfg = Debug|Any CPU
		{9F363CE1-89EB-46E4-9274-48D58F337377}.DebugGame|x64.ActiveCfg = Debug|x64
		{9F363CE1-89EB-46E4-9274-48D58F337377}.DebugGame|x86.ActiveCfg = Debug|x86
		{9F363CE1-89EB-46E4-9274-48D58F337377}.ReleaseEditor|Any CPU.ActiveCfg = Release|Any CPU
		{9F363CE1-89EB-46E4-9274-48D58F337377}.ReleaseEditor|x64.ActiveCfg = Release|x64
		{9F363CE1-89EB-46E4-9274-48D58F337377}.ReleaseEditor|x86.ActiveCfg = Release|x86
		{9F363CE1-89EB-46E4-9274-48D58F337377}.ReleaseGame|Any CPU.ActiveCfg = Release|x86
		{9F363CE1-89EB-46E4-9274-48D58F337377}.ReleaseGame|x64.ActiveCfg = Release|x86
		{9F363CE1-89EB-46E4-9274-48D58F337377}.ReleaseGame|x86.ActiveCfg = Release|x86
		{8953C1AF-EC68-49D0-A62D-4D3DB1D2E8CE}.DebugEditor|Any CPU.ActiveCfg = Debug|Any CPU
		{8953C1AF-EC68-49D0-A62D-4D3DB1D2E8CE}.DebugEditor|Any CPU.Build.0 = Debug|Any CPU
		{8953C1AF-EC68-49D0-A62D-4D3DB1D2E8CE}.DebugEditor|x64.ActiveCfg = Debug|x64
		{8953C1AF-EC68-49D0-A62D-4D3DB1D2E8CE}.DebugEditor|x64.Build.0 = Debug|x64
		{8953C1AF-EC68-49D0-A62D-4D3DB1D2E8CE}.DebugEditor|x86.ActiveCfg = Debug|x86
		{8953C1AF-EC68-49D0-A62D-4D3DB1D2E8CE}.DebugEditor|x86.Build.0 = Debug|x86
		{8953C1AF-EC68-49D0-A62D-4D3DB1D2E8CE}.DebugGame|Any CPU.ActiveCfg = Debug|Any CPU
		{8953C1AF-EC68-49D0-A62D-4D3DB1D2E8CE}.DebugGame|Any CPU.Build.0 = Debug|Any CPU
		{8953C1AF-EC68-49D0-A62D-4D3DB1D2E8CE}.DebugGame|x64.ActiveCfg = Debug|x64
		{8953C1AF-EC68-49D0-A62D-4D3DB1D2E8CE}.DebugGame|x64.Build.0 = Debug|x64
		{8953C1AF-EC68-49D0-A62D-4D3DB1D2E8CE}.DebugGame|x86.ActiveCfg = Debug|x86
		{8953C1AF-EC68-49D0-A62D-4D3DB1D2E8CE}.DebugGame|x86.Build.0 = Debug|x86
		{8953C1AF-EC68-49D0-A62D-4D3DB1D2E8CE}.ReleaseEditor|Any CPU.ActiveCfg = Release|Any CPU
		{8953C1AF-EC68-49D0-A62D-4D3DB1D2E8CE}.ReleaseEditor|Any CPU.Build.0 = Release|Any CPU
		{8953C1AF-EC68-49D0-A62D-4D3DB1D2E8CE}.ReleaseEditor|x64.ActiveCfg = Release|x64
		{8953C1AF-EC68-49D0-A62D-4D3DB1D2E8CE}.ReleaseEditor|x64.Build.0 = Release|x64
		{8953C1AF-EC68-49D0-A62D-4D3DB1D2E8CE}.ReleaseEditor|x86.ActiveCfg = Release|x86
		{8953C1AF-EC68-49D0-A62D-4D3DB1D2E8CE}.ReleaseEditor|x86.Build.0 = Release|x86
		{8953C1AF-EC68-49D0-A62D-4D3DB1D2E8CE}.ReleaseGame|Any CPU.ActiveCfg = Release|x86
		{8953C1AF-EC68-49D0-A62D-4D3DB1D2E8CE}.ReleaseGame|Any CPU.Build.0 = Release|x86
		{8953C1AF-EC68-49D0-A62D-4D3DB1D2E8CE}.ReleaseGame|x64.ActiveCfg = Release|x86
		{8953C1AF-EC68-49D0-A62D-4D3DB1D2E8CE}.ReleaseGame|x64.Build.0 = Release|x86
		{8953C1AF-EC68-49D0-A62D-4D3DB1D2E8CE}.ReleaseGame|x86.ActiveCfg = Release|x86
		{8953C1AF-EC68-49D0-A62D-4D3DB1D2E8CE}.ReleaseGame|x86.Build.0 = Release|x86
		{DB715DBE-E6DC-439C-BF3E-562978015829}.DebugEditor|Any CPU.ActiveCfg = Debug|Any CPU
		{DB715DBE-E6DC-439C-BF3E-562978015829}.DebugEditor|Any CPU.Build.0 = Debug|Any CPU
		{DB715DBE-E6DC-439C-BF3E-562978015829}.DebugEditor|x64.ActiveCfg = Debug|x64
		{DB715DBE-E6DC-439C-BF3E-562978015829}.DebugEditor|x64.Build.0 = Debug|x64
		{DB715DBE-E6DC-439C-BF3E-562978015829}.DebugEditor|x86.ActiveCfg = Debug|x86
		{DB715DBE-E6DC-439C-BF3E-562978015829}.DebugEditor|x86.Build.0 = Debug|x86
		{DB715DBE-E6DC-439C-BF3E-562978015829}.DebugGame|Any CPU.ActiveCfg = Debug|Any CPU
		{DB715DBE-E6DC-439C-BF3E-562978015829}.DebugGame|Any CPU.Build.0 = Debug|Any CPU
		{DB715DBE-E6DC-439C-BF3E-562978015829}.DebugGame|x64.ActiveCfg = Debug|x64
		{DB715DBE-E6DC-439C-BF3E-562978015829}.DebugGame|x64.Build.0 = Debug|x64
		{DB715DBE-E6DC-439C-BF3E-562978015829}.DebugGame|x86.ActiveCfg = Debug|x86
		{DB715DBE-E6DC-439C-BF3E-562978015829}.DebugGame|x86.Build.0 = Debug|x86
		{DB715DBE-E6DC-439C-BF3E-562978015829}.ReleaseEditor|Any CPU.ActiveCfg = Release|Any CPU
		{DB715DBE-E6DC-439C-BF3E-562978015829}.ReleaseEditor|Any CPU.Build.0 = Release|Any CPU
		{DB715DBE-E6DC-439C-BF3E-562978015829}.ReleaseEditor|x64.ActiveCfg = Release|x64
		{DB715DBE-E6DC-439C-BF3E-562978015829}.ReleaseEditor|x64.Build.0 = Release|x64
		{DB715DBE-E6DC-439C-BF3E-562978015829}.ReleaseEditor|x86.ActiveCfg = Release|x86
		{DB715DBE-E6DC-439C-BF3E-562978015829}.ReleaseEditor|x86.Build.0 = Release|x86
		{DB715DBE-E6DC-439C-BF3E-562978015829}.ReleaseGame|Any CPU.ActiveCfg = Release|x86
		{DB715DBE-E6DC-439C-BF3E-562978015829}.ReleaseGame|Any CPU.Build.0 = Release|x86
		{DB715DBE-E6DC-439C-BF3E-562978015829}.ReleaseGame|x64.ActiveCfg = Release|x86
		{DB715DBE-E6DC-439C-BF3E-562978015829}.ReleaseGame|x64.Build.0 = Release|x86
		{DB715DBE-E6DC-439C-BF3E-562978015829}.ReleaseGame|x86.ActiveCfg = Release|x86
		{DB715DBE-E6DC-439C-BF3E-562978015829}.ReleaseGame|x86.Build.0 = Release|x86
		{87E68E70-16FA-4807-B5DB-04AB2468A8EF}.DebugEditor|Any CPU.ActiveCfg = Debug|Any CPU
		{87E68E70-16FA-4807-B5DB-04AB2468A8EF}.DebugEditor|Any CPU.Build.0 = Debug|Any CPU
		{87E68E70-16FA-4807-B5DB-04AB2468A8EF}.DebugEditor|x64.ActiveCfg = Debug|x64
		{87E68E70-16FA-4807-B5DB-04AB2468A8EF}.DebugEditor|x64.Build.0 = Debug|x64
		{87E68E70-16FA-4807-B5DB-04AB2468A8EF}.DebugEditor|x86.ActiveCfg = Debug|x86
		{87E68E70-16FA-4807-B5DB-04AB2468A8EF}.DebugEditor|x86.Build.0 = Debug|x86
		{87E68E70-16FA-4807-B5DB-04AB2468A8EF}.DebugGame|Any CPU.ActiveCfg = Debug|Any CPU
		{87E68E70-16FA-4807-B5DB-04AB2468A8EF}.DebugGame|x64.ActiveCfg = Debug|x64
		{87E68E70-16FA-4807-B5DB-04AB2468A8EF}.DebugGame|x86.ActiveCfg = Debug|x86
		{87E68E70-16FA-4807-B5DB-04AB2468A8EF}.ReleaseEditor|Any CPU.ActiveCfg = Release|Any CPU
		{87E68E70-16FA-4807-B5DB-04AB2468A8EF}.ReleaseEditor|Any CPU.Build.0 = Release|Any CPU
		{87E68E70-16FA-4807-B5DB-04AB2468A8EF}.ReleaseEditor|x64.ActiveCfg = Release|x64
		{87E68E70-16FA-4807-B5DB-04AB2468A8EF}.ReleaseEditor|x64.Build.0 = Release|x64
		{87E68E70-16FA-4807-B5DB-04AB2468A8EF}.ReleaseEditor|x86.ActiveCfg = Release|x86
		{87E68E70-16FA-4807-B5DB-04AB2468A8EF}.ReleaseEditor|x86.Build.0 = Release|x86
		{87E68E70-16FA-4807-B5DB-04AB2468A8EF}.ReleaseGame|Any CPU.ActiveCfg = Release|x86
		{87E68E70-16FA-4807-B5DB-04AB2468A8EF}.ReleaseGame|Any CPU.Build.0 = Release|x86
		{87E68E70-16FA-4807-B5DB-04AB2468A8EF}.ReleaseGame|x64.ActiveCfg = Release|x86
		{87E68E70-16FA-4807-B5DB-04AB2468A8EF}.ReleaseGame|x64.Build.0 = Release|x86
		{87E68E70-16FA-4807-B5DB-04AB2468A8EF}.ReleaseGame|x86.ActiveCfg = Release|x86
		{87E68E70-16FA-4807-B5DB-04AB2468A8EF}.ReleaseGame|x86.Build.0 = Release|x86
	EndGlobalSection
	GlobalSection(SolutionProperties) = preSolution
		HideSolutionNode = FALSE
	EndGlobalSection
EndGlobal
