
Microsoft Visual Studio Solution File, Format Version 12.00
# Visual Studio Version 16
VisualStudioVersion = 16.0.28729.10
MinimumVisualStudioVersion = 10.0.40219.1
Project("{FAE04EC0-301F-11D3-BF4B-00C04F79EFBC}") = "Engine", "Engine\Engine.csproj", "{3BA74071-A8FB-473A-9388-0C8F75872F41}"
EndProject
Project("{FAE04EC0-301F-11D3-BF4B-00C04F79EFBC}") = "Editor", "Editor\Editor.csproj", "{87E68E70-16FA-4807-B5DB-04AB2468A8EF}"
	ProjectSection(ProjectDependencies) = postProject
		{6DD14A85-CCFC-4774-BD26-0F5772512319} = {6DD14A85-CCFC-4774-BD26-0F5772512319}
		{2A53F4FB-0918-485C-9266-BD8FF3FA0D84} = {2A53F4FB-0918-485C-9266-BD8FF3FA0D84}
	EndProjectSection
EndProject
Project("{FAE04EC0-301F-11D3-BF4B-00C04F79EFBC}") = "AppDomainToolkit", "AppDomainToolkit\AppDomainToolkit\AppDomainToolkit.csproj", "{2A53F4FB-0918-485C-9266-BD8FF3FA0D84}"
EndProject
Project("{FAE04EC0-301F-11D3-BF4B-00C04F79EFBC}") = "FastColoredTextBox", "FastColoredTextBox\FastColoredTextBox\FastColoredTextBox.csproj", "{6DD14A85-CCFC-4774-BD26-0F5772512319}"
EndProject
Project("{9A19103F-16F7-4668-BE54-9A1E7A4F7556}") = "Compare-NET-Objects", "Compare-NET-Objects\Compare-NET-Objects\Compare-NET-Objects.csproj", "{EB236808-A58C-4C6C-9CEB-FE529CC92C0A}"
EndProject
Project("{9A19103F-16F7-4668-BE54-9A1E7A4F7556}") = "Extensions", "Extensions\Extensions.csproj", "{A445C84A-F177-4478-9384-71F9430B4235}"
EndProject
Project("{9A19103F-16F7-4668-BE54-9A1E7A4F7556}") = "WindowsNativeInterop", "WindowsNativeInterop\WindowsNativeInterop.csproj", "{B6E55049-2DE4-426F-BF4F-1923DAD79C2B}"
EndProject
Project("{FAE04EC0-301F-11D3-BF4B-00C04F79EFBC}") = "Discord", "Discord\Discord.csproj", "{2369A06F-3F3A-48A1-AA28-D46D87123FB7}"
EndProject
Project("{9A19103F-16F7-4668-BE54-9A1E7A4F7556}") = "Server", "Server\Server.csproj", "{0B7EFEFA-5DFD-4191-9B79-571A8358A123}"
EndProject
Global
	GlobalSection(SolutionConfigurationPlatforms) = preSolution
		Debug|Any CPU = Debug|Any CPU
		Debug|x64 = Debug|x64
		Debug|x86 = Debug|x86
		DebugEditor|Any CPU = DebugEditor|Any CPU
		DebugEditor|x64 = DebugEditor|x64
		DebugEditor|x86 = DebugEditor|x86
		DebugEditorObfuscated|Any CPU = DebugEditorObfuscated|Any CPU
		DebugEditorObfuscated|x64 = DebugEditorObfuscated|x64
		DebugEditorObfuscated|x86 = DebugEditorObfuscated|x86
		DebugGame|Any CPU = DebugGame|Any CPU
		DebugGame|x64 = DebugGame|x64
		DebugGame|x86 = DebugGame|x86
		DebugGameObfuscated|Any CPU = DebugGameObfuscated|Any CPU
		DebugGameObfuscated|x64 = DebugGameObfuscated|x64
		DebugGameObfuscated|x86 = DebugGameObfuscated|x86
		Release|Any CPU = Release|Any CPU
		Release|x64 = Release|x64
		Release|x86 = Release|x86
		ReleaseEditor|Any CPU = ReleaseEditor|Any CPU
		ReleaseEditor|x64 = ReleaseEditor|x64
		ReleaseEditor|x86 = ReleaseEditor|x86
		ReleaseEditorObfuscated|Any CPU = ReleaseEditorObfuscated|Any CPU
		ReleaseEditorObfuscated|x64 = ReleaseEditorObfuscated|x64
		ReleaseEditorObfuscated|x86 = ReleaseEditorObfuscated|x86
		ReleaseGame|Any CPU = ReleaseGame|Any CPU
		ReleaseGame|x64 = ReleaseGame|x64
		ReleaseGame|x86 = ReleaseGame|x86
		ReleaseGameObfuscated|Any CPU = ReleaseGameObfuscated|Any CPU
		ReleaseGameObfuscated|x64 = ReleaseGameObfuscated|x64
		ReleaseGameObfuscated|x86 = ReleaseGameObfuscated|x86
	EndGlobalSection
	GlobalSection(ProjectConfigurationPlatforms) = postSolution
		{3BA74071-A8FB-473A-9388-0C8F75872F41}.Debug|Any CPU.ActiveCfg = ReleaseGameObfuscated|x86
		{3BA74071-A8FB-473A-9388-0C8F75872F41}.Debug|Any CPU.Build.0 = ReleaseGameObfuscated|x86
		{3BA74071-A8FB-473A-9388-0C8F75872F41}.Debug|x64.ActiveCfg = DebugGame|x64
		{3BA74071-A8FB-473A-9388-0C8F75872F41}.Debug|x64.Build.0 = DebugGame|x64
		{3BA74071-A8FB-473A-9388-0C8F75872F41}.Debug|x86.ActiveCfg = DebugGame|x86
		{3BA74071-A8FB-473A-9388-0C8F75872F41}.Debug|x86.Build.0 = DebugGame|x86
		{3BA74071-A8FB-473A-9388-0C8F75872F41}.DebugEditor|Any CPU.ActiveCfg = DebugEditor|x86
		{3BA74071-A8FB-473A-9388-0C8F75872F41}.DebugEditor|x64.ActiveCfg = DebugEditor|x64
		{3BA74071-A8FB-473A-9388-0C8F75872F41}.DebugEditor|x64.Build.0 = DebugEditor|x64
		{3BA74071-A8FB-473A-9388-0C8F75872F41}.DebugEditor|x86.ActiveCfg = DebugEditor|x86
		{3BA74071-A8FB-473A-9388-0C8F75872F41}.DebugEditor|x86.Build.0 = DebugEditor|x86
		{3BA74071-A8FB-473A-9388-0C8F75872F41}.DebugEditorObfuscated|Any CPU.ActiveCfg = DebugEditorObfuscated|x86
		{3BA74071-A8FB-473A-9388-0C8F75872F41}.DebugEditorObfuscated|x64.ActiveCfg = DebugEditorObfuscated|x64
		{3BA74071-A8FB-473A-9388-0C8F75872F41}.DebugEditorObfuscated|x64.Build.0 = DebugEditorObfuscated|x64
		{3BA74071-A8FB-473A-9388-0C8F75872F41}.DebugEditorObfuscated|x86.ActiveCfg = DebugEditorObfuscated|x86
		{3BA74071-A8FB-473A-9388-0C8F75872F41}.DebugEditorObfuscated|x86.Build.0 = DebugEditorObfuscated|x86
		{3BA74071-A8FB-473A-9388-0C8F75872F41}.DebugGame|Any CPU.ActiveCfg = DebugGame|x86
		{3BA74071-A8FB-473A-9388-0C8F75872F41}.DebugGame|x64.ActiveCfg = DebugGame|x64
		{3BA74071-A8FB-473A-9388-0C8F75872F41}.DebugGame|x64.Build.0 = DebugGame|x64
		{3BA74071-A8FB-473A-9388-0C8F75872F41}.DebugGame|x86.ActiveCfg = DebugGame|x86
		{3BA74071-A8FB-473A-9388-0C8F75872F41}.DebugGame|x86.Build.0 = DebugGame|x86
		{3BA74071-A8FB-473A-9388-0C8F75872F41}.DebugGameObfuscated|Any CPU.ActiveCfg = DebugGameObfuscated|x86
		{3BA74071-A8FB-473A-9388-0C8F75872F41}.DebugGameObfuscated|x64.ActiveCfg = DebugGameObfuscated|x64
		{3BA74071-A8FB-473A-9388-0C8F75872F41}.DebugGameObfuscated|x64.Build.0 = DebugGameObfuscated|x64
		{3BA74071-A8FB-473A-9388-0C8F75872F41}.DebugGameObfuscated|x86.ActiveCfg = DebugGameObfuscated|x86
		{3BA74071-A8FB-473A-9388-0C8F75872F41}.DebugGameObfuscated|x86.Build.0 = DebugGameObfuscated|x86
		{3BA74071-A8FB-473A-9388-0C8F75872F41}.Release|Any CPU.ActiveCfg = ReleaseGameObfuscated|x86
		{3BA74071-A8FB-473A-9388-0C8F75872F41}.Release|Any CPU.Build.0 = ReleaseGameObfuscated|x86
		{3BA74071-A8FB-473A-9388-0C8F75872F41}.Release|x64.ActiveCfg = ReleaseGame|x64
		{3BA74071-A8FB-473A-9388-0C8F75872F41}.Release|x64.Build.0 = ReleaseGame|x64
		{3BA74071-A8FB-473A-9388-0C8F75872F41}.Release|x86.ActiveCfg = ReleaseGame|x86
		{3BA74071-A8FB-473A-9388-0C8F75872F41}.Release|x86.Build.0 = ReleaseGame|x86
		{3BA74071-A8FB-473A-9388-0C8F75872F41}.ReleaseEditor|Any CPU.ActiveCfg = ReleaseEditor|x86
		{3BA74071-A8FB-473A-9388-0C8F75872F41}.ReleaseEditor|x64.ActiveCfg = ReleaseEditor|x64
		{3BA74071-A8FB-473A-9388-0C8F75872F41}.ReleaseEditor|x64.Build.0 = ReleaseEditor|x64
		{3BA74071-A8FB-473A-9388-0C8F75872F41}.ReleaseEditor|x86.ActiveCfg = ReleaseEditor|x86
		{3BA74071-A8FB-473A-9388-0C8F75872F41}.ReleaseEditor|x86.Build.0 = ReleaseEditor|x86
		{3BA74071-A8FB-473A-9388-0C8F75872F41}.ReleaseEditorObfuscated|Any CPU.ActiveCfg = ReleaseEditorObfuscated|x86
		{3BA74071-A8FB-473A-9388-0C8F75872F41}.ReleaseEditorObfuscated|x64.ActiveCfg = ReleaseEditorObfuscated|x64
		{3BA74071-A8FB-473A-9388-0C8F75872F41}.ReleaseEditorObfuscated|x64.Build.0 = ReleaseEditorObfuscated|x64
		{3BA74071-A8FB-473A-9388-0C8F75872F41}.ReleaseEditorObfuscated|x86.ActiveCfg = ReleaseEditorObfuscated|x86
		{3BA74071-A8FB-473A-9388-0C8F75872F41}.ReleaseEditorObfuscated|x86.Build.0 = ReleaseEditorObfuscated|x86
		{3BA74071-A8FB-473A-9388-0C8F75872F41}.ReleaseGame|Any CPU.ActiveCfg = ReleaseGame|x86
		{3BA74071-A8FB-473A-9388-0C8F75872F41}.ReleaseGame|x64.ActiveCfg = ReleaseGame|x64
		{3BA74071-A8FB-473A-9388-0C8F75872F41}.ReleaseGame|x64.Build.0 = ReleaseGame|x64
		{3BA74071-A8FB-473A-9388-0C8F75872F41}.ReleaseGame|x86.ActiveCfg = ReleaseGame|x86
		{3BA74071-A8FB-473A-9388-0C8F75872F41}.ReleaseGame|x86.Build.0 = ReleaseGame|x86
		{3BA74071-A8FB-473A-9388-0C8F75872F41}.ReleaseGameObfuscated|Any CPU.ActiveCfg = ReleaseGameObfuscated|x86
		{3BA74071-A8FB-473A-9388-0C8F75872F41}.ReleaseGameObfuscated|x64.ActiveCfg = ReleaseGameObfuscated|x64
		{3BA74071-A8FB-473A-9388-0C8F75872F41}.ReleaseGameObfuscated|x64.Build.0 = ReleaseGameObfuscated|x64
		{3BA74071-A8FB-473A-9388-0C8F75872F41}.ReleaseGameObfuscated|x86.ActiveCfg = ReleaseGameObfuscated|x86
		{3BA74071-A8FB-473A-9388-0C8F75872F41}.ReleaseGameObfuscated|x86.Build.0 = ReleaseGameObfuscated|x86
		{87E68E70-16FA-4807-B5DB-04AB2468A8EF}.Debug|Any CPU.ActiveCfg = Debug|x86
		{87E68E70-16FA-4807-B5DB-04AB2468A8EF}.Debug|x64.ActiveCfg = Debug|x64
		{87E68E70-16FA-4807-B5DB-04AB2468A8EF}.Debug|x64.Build.0 = Debug|x64
		{87E68E70-16FA-4807-B5DB-04AB2468A8EF}.Debug|x86.ActiveCfg = Debug|x86
		{87E68E70-16FA-4807-B5DB-04AB2468A8EF}.Debug|x86.Build.0 = Debug|x86
		{87E68E70-16FA-4807-B5DB-04AB2468A8EF}.DebugEditor|Any CPU.ActiveCfg = Release|x86
		{87E68E70-16FA-4807-B5DB-04AB2468A8EF}.DebugEditor|Any CPU.Build.0 = Release|x86
		{87E68E70-16FA-4807-B5DB-04AB2468A8EF}.DebugEditor|x64.ActiveCfg = Debug|x64
		{87E68E70-16FA-4807-B5DB-04AB2468A8EF}.DebugEditor|x64.Build.0 = Debug|x64
		{87E68E70-16FA-4807-B5DB-04AB2468A8EF}.DebugEditor|x86.ActiveCfg = Debug|x86
		{87E68E70-16FA-4807-B5DB-04AB2468A8EF}.DebugEditor|x86.Build.0 = Debug|x86
		{87E68E70-16FA-4807-B5DB-04AB2468A8EF}.DebugEditorObfuscated|Any CPU.ActiveCfg = Release|x86
		{87E68E70-16FA-4807-B5DB-04AB2468A8EF}.DebugEditorObfuscated|Any CPU.Build.0 = Release|x86
		{87E68E70-16FA-4807-B5DB-04AB2468A8EF}.DebugEditorObfuscated|x64.ActiveCfg = Debug|x64
		{87E68E70-16FA-4807-B5DB-04AB2468A8EF}.DebugEditorObfuscated|x64.Build.0 = Debug|x64
		{87E68E70-16FA-4807-B5DB-04AB2468A8EF}.DebugEditorObfuscated|x86.ActiveCfg = Debug|x86
		{87E68E70-16FA-4807-B5DB-04AB2468A8EF}.DebugEditorObfuscated|x86.Build.0 = Debug|x86
		{87E68E70-16FA-4807-B5DB-04AB2468A8EF}.DebugGame|Any CPU.ActiveCfg = Release|x86
		{87E68E70-16FA-4807-B5DB-04AB2468A8EF}.DebugGame|Any CPU.Build.0 = Release|x86
		{87E68E70-16FA-4807-B5DB-04AB2468A8EF}.DebugGame|x64.ActiveCfg = Debug|x64
		{87E68E70-16FA-4807-B5DB-04AB2468A8EF}.DebugGame|x86.ActiveCfg = Debug|x86
		{87E68E70-16FA-4807-B5DB-04AB2468A8EF}.DebugGameObfuscated|Any CPU.ActiveCfg = Release|x86
		{87E68E70-16FA-4807-B5DB-04AB2468A8EF}.DebugGameObfuscated|Any CPU.Build.0 = Release|x86
		{87E68E70-16FA-4807-B5DB-04AB2468A8EF}.DebugGameObfuscated|x64.ActiveCfg = Debug|x64
		{87E68E70-16FA-4807-B5DB-04AB2468A8EF}.DebugGameObfuscated|x86.ActiveCfg = Debug|x86
		{87E68E70-16FA-4807-B5DB-04AB2468A8EF}.Release|Any CPU.ActiveCfg = Release|x86
		{87E68E70-16FA-4807-B5DB-04AB2468A8EF}.Release|x64.ActiveCfg = Release|x64
		{87E68E70-16FA-4807-B5DB-04AB2468A8EF}.Release|x64.Build.0 = Release|x64
		{87E68E70-16FA-4807-B5DB-04AB2468A8EF}.Release|x86.ActiveCfg = Release|x86
		{87E68E70-16FA-4807-B5DB-04AB2468A8EF}.Release|x86.Build.0 = Release|x86
		{87E68E70-16FA-4807-B5DB-04AB2468A8EF}.ReleaseEditor|Any CPU.ActiveCfg = Release|x86
		{87E68E70-16FA-4807-B5DB-04AB2468A8EF}.ReleaseEditor|Any CPU.Build.0 = Release|x86
		{87E68E70-16FA-4807-B5DB-04AB2468A8EF}.ReleaseEditor|x64.ActiveCfg = Release|x64
		{87E68E70-16FA-4807-B5DB-04AB2468A8EF}.ReleaseEditor|x64.Build.0 = Release|x64
		{87E68E70-16FA-4807-B5DB-04AB2468A8EF}.ReleaseEditor|x86.ActiveCfg = Release|x86
		{87E68E70-16FA-4807-B5DB-04AB2468A8EF}.ReleaseEditor|x86.Build.0 = Release|x86
		{87E68E70-16FA-4807-B5DB-04AB2468A8EF}.ReleaseEditorObfuscated|Any CPU.ActiveCfg = Release|x86
		{87E68E70-16FA-4807-B5DB-04AB2468A8EF}.ReleaseEditorObfuscated|Any CPU.Build.0 = Release|x86
		{87E68E70-16FA-4807-B5DB-04AB2468A8EF}.ReleaseEditorObfuscated|x64.ActiveCfg = Release|x64
		{87E68E70-16FA-4807-B5DB-04AB2468A8EF}.ReleaseEditorObfuscated|x64.Build.0 = Release|x64
		{87E68E70-16FA-4807-B5DB-04AB2468A8EF}.ReleaseEditorObfuscated|x86.ActiveCfg = Release|x86
		{87E68E70-16FA-4807-B5DB-04AB2468A8EF}.ReleaseEditorObfuscated|x86.Build.0 = Release|x86
		{87E68E70-16FA-4807-B5DB-04AB2468A8EF}.ReleaseGame|Any CPU.ActiveCfg = Release|x86
		{87E68E70-16FA-4807-B5DB-04AB2468A8EF}.ReleaseGame|Any CPU.Build.0 = Release|x86
		{87E68E70-16FA-4807-B5DB-04AB2468A8EF}.ReleaseGame|x64.ActiveCfg = Release|x64
		{87E68E70-16FA-4807-B5DB-04AB2468A8EF}.ReleaseGame|x86.ActiveCfg = Release|x86
		{87E68E70-16FA-4807-B5DB-04AB2468A8EF}.ReleaseGameObfuscated|Any CPU.ActiveCfg = Release|x86
		{87E68E70-16FA-4807-B5DB-04AB2468A8EF}.ReleaseGameObfuscated|Any CPU.Build.0 = Release|x86
		{87E68E70-16FA-4807-B5DB-04AB2468A8EF}.ReleaseGameObfuscated|x64.ActiveCfg = Release|x64
		{87E68E70-16FA-4807-B5DB-04AB2468A8EF}.ReleaseGameObfuscated|x86.ActiveCfg = Release|x86
		{2A53F4FB-0918-485C-9266-BD8FF3FA0D84}.Debug|Any CPU.ActiveCfg = Debug|Any CPU
		{2A53F4FB-0918-485C-9266-BD8FF3FA0D84}.Debug|Any CPU.Build.0 = Debug|Any CPU
		{2A53F4FB-0918-485C-9266-BD8FF3FA0D84}.Debug|x64.ActiveCfg = Debug|x64
		{2A53F4FB-0918-485C-9266-BD8FF3FA0D84}.Debug|x64.Build.0 = Debug|x64
		{2A53F4FB-0918-485C-9266-BD8FF3FA0D84}.Debug|x86.ActiveCfg = Debug|Any CPU
		{2A53F4FB-0918-485C-9266-BD8FF3FA0D84}.Debug|x86.Build.0 = Debug|Any CPU
		{2A53F4FB-0918-485C-9266-BD8FF3FA0D84}.DebugEditor|Any CPU.ActiveCfg = Debug|Any CPU
		{2A53F4FB-0918-485C-9266-BD8FF3FA0D84}.DebugEditor|Any CPU.Build.0 = Debug|Any CPU
		{2A53F4FB-0918-485C-9266-BD8FF3FA0D84}.DebugEditor|x64.ActiveCfg = Debug|x64
		{2A53F4FB-0918-485C-9266-BD8FF3FA0D84}.DebugEditor|x64.Build.0 = Debug|x64
		{2A53F4FB-0918-485C-9266-BD8FF3FA0D84}.DebugEditor|x86.ActiveCfg = Debug|Any CPU
		{2A53F4FB-0918-485C-9266-BD8FF3FA0D84}.DebugEditor|x86.Build.0 = Debug|Any CPU
		{2A53F4FB-0918-485C-9266-BD8FF3FA0D84}.DebugEditorObfuscated|Any CPU.ActiveCfg = Debug|Any CPU
		{2A53F4FB-0918-485C-9266-BD8FF3FA0D84}.DebugEditorObfuscated|Any CPU.Build.0 = Debug|Any CPU
		{2A53F4FB-0918-485C-9266-BD8FF3FA0D84}.DebugEditorObfuscated|x64.ActiveCfg = Debug|Any CPU
		{2A53F4FB-0918-485C-9266-BD8FF3FA0D84}.DebugEditorObfuscated|x64.Build.0 = Debug|Any CPU
		{2A53F4FB-0918-485C-9266-BD8FF3FA0D84}.DebugEditorObfuscated|x86.ActiveCfg = Debug|Any CPU
		{2A53F4FB-0918-485C-9266-BD8FF3FA0D84}.DebugEditorObfuscated|x86.Build.0 = Debug|Any CPU
		{2A53F4FB-0918-485C-9266-BD8FF3FA0D84}.DebugGame|Any CPU.ActiveCfg = Debug|Any CPU
		{2A53F4FB-0918-485C-9266-BD8FF3FA0D84}.DebugGame|Any CPU.Build.0 = Debug|Any CPU
		{2A53F4FB-0918-485C-9266-BD8FF3FA0D84}.DebugGame|x64.ActiveCfg = Debug|x64
		{2A53F4FB-0918-485C-9266-BD8FF3FA0D84}.DebugGame|x64.Build.0 = Debug|x64
		{2A53F4FB-0918-485C-9266-BD8FF3FA0D84}.DebugGame|x86.ActiveCfg = Debug|Any CPU
		{2A53F4FB-0918-485C-9266-BD8FF3FA0D84}.DebugGame|x86.Build.0 = Debug|Any CPU
		{2A53F4FB-0918-485C-9266-BD8FF3FA0D84}.DebugGameObfuscated|Any CPU.ActiveCfg = Debug|Any CPU
		{2A53F4FB-0918-485C-9266-BD8FF3FA0D84}.DebugGameObfuscated|Any CPU.Build.0 = Debug|Any CPU
		{2A53F4FB-0918-485C-9266-BD8FF3FA0D84}.DebugGameObfuscated|x64.ActiveCfg = Debug|Any CPU
		{2A53F4FB-0918-485C-9266-BD8FF3FA0D84}.DebugGameObfuscated|x64.Build.0 = Debug|Any CPU
		{2A53F4FB-0918-485C-9266-BD8FF3FA0D84}.DebugGameObfuscated|x86.ActiveCfg = Debug|Any CPU
		{2A53F4FB-0918-485C-9266-BD8FF3FA0D84}.DebugGameObfuscated|x86.Build.0 = Debug|Any CPU
		{2A53F4FB-0918-485C-9266-BD8FF3FA0D84}.Release|Any CPU.ActiveCfg = Release|Any CPU
		{2A53F4FB-0918-485C-9266-BD8FF3FA0D84}.Release|Any CPU.Build.0 = Release|Any CPU
		{2A53F4FB-0918-485C-9266-BD8FF3FA0D84}.Release|x64.ActiveCfg = Release|x64
		{2A53F4FB-0918-485C-9266-BD8FF3FA0D84}.Release|x64.Build.0 = Release|x64
		{2A53F4FB-0918-485C-9266-BD8FF3FA0D84}.Release|x86.ActiveCfg = Release|Any CPU
		{2A53F4FB-0918-485C-9266-BD8FF3FA0D84}.Release|x86.Build.0 = Release|Any CPU
		{2A53F4FB-0918-485C-9266-BD8FF3FA0D84}.ReleaseEditor|Any CPU.ActiveCfg = Release|Any CPU
		{2A53F4FB-0918-485C-9266-BD8FF3FA0D84}.ReleaseEditor|Any CPU.Build.0 = Release|Any CPU
		{2A53F4FB-0918-485C-9266-BD8FF3FA0D84}.ReleaseEditor|x64.ActiveCfg = Release|x64
		{2A53F4FB-0918-485C-9266-BD8FF3FA0D84}.ReleaseEditor|x64.Build.0 = Release|x64
		{2A53F4FB-0918-485C-9266-BD8FF3FA0D84}.ReleaseEditor|x86.ActiveCfg = Release|Any CPU
		{2A53F4FB-0918-485C-9266-BD8FF3FA0D84}.ReleaseEditor|x86.Build.0 = Release|Any CPU
		{2A53F4FB-0918-485C-9266-BD8FF3FA0D84}.ReleaseEditorObfuscated|Any CPU.ActiveCfg = Release|Any CPU
		{2A53F4FB-0918-485C-9266-BD8FF3FA0D84}.ReleaseEditorObfuscated|Any CPU.Build.0 = Release|Any CPU
		{2A53F4FB-0918-485C-9266-BD8FF3FA0D84}.ReleaseEditorObfuscated|x64.ActiveCfg = Release|Any CPU
		{2A53F4FB-0918-485C-9266-BD8FF3FA0D84}.ReleaseEditorObfuscated|x64.Build.0 = Release|Any CPU
		{2A53F4FB-0918-485C-9266-BD8FF3FA0D84}.ReleaseEditorObfuscated|x86.ActiveCfg = Release|Any CPU
		{2A53F4FB-0918-485C-9266-BD8FF3FA0D84}.ReleaseEditorObfuscated|x86.Build.0 = Release|Any CPU
		{2A53F4FB-0918-485C-9266-BD8FF3FA0D84}.ReleaseGame|Any CPU.ActiveCfg = Release|Any CPU
		{2A53F4FB-0918-485C-9266-BD8FF3FA0D84}.ReleaseGame|Any CPU.Build.0 = Release|Any CPU
		{2A53F4FB-0918-485C-9266-BD8FF3FA0D84}.ReleaseGame|x64.ActiveCfg = Release|x64
		{2A53F4FB-0918-485C-9266-BD8FF3FA0D84}.ReleaseGame|x64.Build.0 = Release|x64
		{2A53F4FB-0918-485C-9266-BD8FF3FA0D84}.ReleaseGame|x86.ActiveCfg = Release|Any CPU
		{2A53F4FB-0918-485C-9266-BD8FF3FA0D84}.ReleaseGame|x86.Build.0 = Release|Any CPU
		{2A53F4FB-0918-485C-9266-BD8FF3FA0D84}.ReleaseGameObfuscated|Any CPU.ActiveCfg = Release|Any CPU
		{2A53F4FB-0918-485C-9266-BD8FF3FA0D84}.ReleaseGameObfuscated|Any CPU.Build.0 = Release|Any CPU
		{2A53F4FB-0918-485C-9266-BD8FF3FA0D84}.ReleaseGameObfuscated|x64.ActiveCfg = Release|Any CPU
		{2A53F4FB-0918-485C-9266-BD8FF3FA0D84}.ReleaseGameObfuscated|x64.Build.0 = Release|Any CPU
		{2A53F4FB-0918-485C-9266-BD8FF3FA0D84}.ReleaseGameObfuscated|x86.ActiveCfg = Release|Any CPU
		{2A53F4FB-0918-485C-9266-BD8FF3FA0D84}.ReleaseGameObfuscated|x86.Build.0 = Release|Any CPU
		{6DD14A85-CCFC-4774-BD26-0F5772512319}.Debug|Any CPU.ActiveCfg = Debug|Any CPU
		{6DD14A85-CCFC-4774-BD26-0F5772512319}.Debug|Any CPU.Build.0 = Debug|Any CPU
		{6DD14A85-CCFC-4774-BD26-0F5772512319}.Debug|x64.ActiveCfg = Debug|x64
		{6DD14A85-CCFC-4774-BD26-0F5772512319}.Debug|x64.Build.0 = Debug|x64
		{6DD14A85-CCFC-4774-BD26-0F5772512319}.Debug|x86.ActiveCfg = Debug|Any CPU
		{6DD14A85-CCFC-4774-BD26-0F5772512319}.Debug|x86.Build.0 = Debug|Any CPU
		{6DD14A85-CCFC-4774-BD26-0F5772512319}.DebugEditor|Any CPU.ActiveCfg = Debug|Any CPU
		{6DD14A85-CCFC-4774-BD26-0F5772512319}.DebugEditor|Any CPU.Build.0 = Debug|Any CPU
		{6DD14A85-CCFC-4774-BD26-0F5772512319}.DebugEditor|x64.ActiveCfg = Debug|x64
		{6DD14A85-CCFC-4774-BD26-0F5772512319}.DebugEditor|x64.Build.0 = Debug|x64
		{6DD14A85-CCFC-4774-BD26-0F5772512319}.DebugEditor|x86.ActiveCfg = Debug|Any CPU
		{6DD14A85-CCFC-4774-BD26-0F5772512319}.DebugEditor|x86.Build.0 = Debug|Any CPU
		{6DD14A85-CCFC-4774-BD26-0F5772512319}.DebugEditorObfuscated|Any CPU.ActiveCfg = Debug|Any CPU
		{6DD14A85-CCFC-4774-BD26-0F5772512319}.DebugEditorObfuscated|Any CPU.Build.0 = Debug|Any CPU
		{6DD14A85-CCFC-4774-BD26-0F5772512319}.DebugEditorObfuscated|x64.ActiveCfg = Debug|Any CPU
		{6DD14A85-CCFC-4774-BD26-0F5772512319}.DebugEditorObfuscated|x64.Build.0 = Debug|Any CPU
		{6DD14A85-CCFC-4774-BD26-0F5772512319}.DebugEditorObfuscated|x86.ActiveCfg = Debug|Any CPU
		{6DD14A85-CCFC-4774-BD26-0F5772512319}.DebugEditorObfuscated|x86.Build.0 = Debug|Any CPU
		{6DD14A85-CCFC-4774-BD26-0F5772512319}.DebugGame|Any CPU.ActiveCfg = Debug|Any CPU
		{6DD14A85-CCFC-4774-BD26-0F5772512319}.DebugGame|Any CPU.Build.0 = Debug|Any CPU
		{6DD14A85-CCFC-4774-BD26-0F5772512319}.DebugGame|x64.ActiveCfg = Debug|x64
		{6DD14A85-CCFC-4774-BD26-0F5772512319}.DebugGame|x64.Build.0 = Debug|x64
		{6DD14A85-CCFC-4774-BD26-0F5772512319}.DebugGame|x86.ActiveCfg = Debug|Any CPU
		{6DD14A85-CCFC-4774-BD26-0F5772512319}.DebugGame|x86.Build.0 = Debug|Any CPU
		{6DD14A85-CCFC-4774-BD26-0F5772512319}.DebugGameObfuscated|Any CPU.ActiveCfg = Debug|Any CPU
		{6DD14A85-CCFC-4774-BD26-0F5772512319}.DebugGameObfuscated|Any CPU.Build.0 = Debug|Any CPU
		{6DD14A85-CCFC-4774-BD26-0F5772512319}.DebugGameObfuscated|x64.ActiveCfg = Debug|Any CPU
		{6DD14A85-CCFC-4774-BD26-0F5772512319}.DebugGameObfuscated|x64.Build.0 = Debug|Any CPU
		{6DD14A85-CCFC-4774-BD26-0F5772512319}.DebugGameObfuscated|x86.ActiveCfg = Debug|Any CPU
		{6DD14A85-CCFC-4774-BD26-0F5772512319}.DebugGameObfuscated|x86.Build.0 = Debug|Any CPU
		{6DD14A85-CCFC-4774-BD26-0F5772512319}.Release|Any CPU.ActiveCfg = Release|Any CPU
		{6DD14A85-CCFC-4774-BD26-0F5772512319}.Release|Any CPU.Build.0 = Release|Any CPU
		{6DD14A85-CCFC-4774-BD26-0F5772512319}.Release|x64.ActiveCfg = Release|x64
		{6DD14A85-CCFC-4774-BD26-0F5772512319}.Release|x64.Build.0 = Release|x64
		{6DD14A85-CCFC-4774-BD26-0F5772512319}.Release|x86.ActiveCfg = Release|Any CPU
		{6DD14A85-CCFC-4774-BD26-0F5772512319}.Release|x86.Build.0 = Release|Any CPU
		{6DD14A85-CCFC-4774-BD26-0F5772512319}.ReleaseEditor|Any CPU.ActiveCfg = Release|Any CPU
		{6DD14A85-CCFC-4774-BD26-0F5772512319}.ReleaseEditor|Any CPU.Build.0 = Release|Any CPU
		{6DD14A85-CCFC-4774-BD26-0F5772512319}.ReleaseEditor|x64.ActiveCfg = Release|x64
		{6DD14A85-CCFC-4774-BD26-0F5772512319}.ReleaseEditor|x64.Build.0 = Release|x64
		{6DD14A85-CCFC-4774-BD26-0F5772512319}.ReleaseEditor|x86.ActiveCfg = Release|Any CPU
		{6DD14A85-CCFC-4774-BD26-0F5772512319}.ReleaseEditor|x86.Build.0 = Release|Any CPU
		{6DD14A85-CCFC-4774-BD26-0F5772512319}.ReleaseEditorObfuscated|Any CPU.ActiveCfg = Release|Any CPU
		{6DD14A85-CCFC-4774-BD26-0F5772512319}.ReleaseEditorObfuscated|Any CPU.Build.0 = Release|Any CPU
		{6DD14A85-CCFC-4774-BD26-0F5772512319}.ReleaseEditorObfuscated|x64.ActiveCfg = Release|Any CPU
		{6DD14A85-CCFC-4774-BD26-0F5772512319}.ReleaseEditorObfuscated|x64.Build.0 = Release|Any CPU
		{6DD14A85-CCFC-4774-BD26-0F5772512319}.ReleaseEditorObfuscated|x86.ActiveCfg = Release|Any CPU
		{6DD14A85-CCFC-4774-BD26-0F5772512319}.ReleaseEditorObfuscated|x86.Build.0 = Release|Any CPU
		{6DD14A85-CCFC-4774-BD26-0F5772512319}.ReleaseGame|Any CPU.ActiveCfg = Release|Any CPU
		{6DD14A85-CCFC-4774-BD26-0F5772512319}.ReleaseGame|Any CPU.Build.0 = Release|Any CPU
		{6DD14A85-CCFC-4774-BD26-0F5772512319}.ReleaseGame|x64.ActiveCfg = Release|x64
		{6DD14A85-CCFC-4774-BD26-0F5772512319}.ReleaseGame|x64.Build.0 = Release|x64
		{6DD14A85-CCFC-4774-BD26-0F5772512319}.ReleaseGame|x86.ActiveCfg = Release|Any CPU
		{6DD14A85-CCFC-4774-BD26-0F5772512319}.ReleaseGame|x86.Build.0 = Release|Any CPU
		{6DD14A85-CCFC-4774-BD26-0F5772512319}.ReleaseGameObfuscated|Any CPU.ActiveCfg = Release|Any CPU
		{6DD14A85-CCFC-4774-BD26-0F5772512319}.ReleaseGameObfuscated|Any CPU.Build.0 = Release|Any CPU
		{6DD14A85-CCFC-4774-BD26-0F5772512319}.ReleaseGameObfuscated|x64.ActiveCfg = Release|Any CPU
		{6DD14A85-CCFC-4774-BD26-0F5772512319}.ReleaseGameObfuscated|x64.Build.0 = Release|Any CPU
		{6DD14A85-CCFC-4774-BD26-0F5772512319}.ReleaseGameObfuscated|x86.ActiveCfg = Release|Any CPU
		{6DD14A85-CCFC-4774-BD26-0F5772512319}.ReleaseGameObfuscated|x86.Build.0 = Release|Any CPU
		{EB236808-A58C-4C6C-9CEB-FE529CC92C0A}.Debug|Any CPU.ActiveCfg = Debug|Any CPU
		{EB236808-A58C-4C6C-9CEB-FE529CC92C0A}.Debug|Any CPU.Build.0 = Debug|Any CPU
		{EB236808-A58C-4C6C-9CEB-FE529CC92C0A}.Debug|x64.ActiveCfg = Debug|x64
		{EB236808-A58C-4C6C-9CEB-FE529CC92C0A}.Debug|x64.Build.0 = Debug|x64
		{EB236808-A58C-4C6C-9CEB-FE529CC92C0A}.Debug|x86.ActiveCfg = Debug|Any CPU
		{EB236808-A58C-4C6C-9CEB-FE529CC92C0A}.Debug|x86.Build.0 = Debug|Any CPU
		{EB236808-A58C-4C6C-9CEB-FE529CC92C0A}.DebugEditor|Any CPU.ActiveCfg = Debug|Any CPU
		{EB236808-A58C-4C6C-9CEB-FE529CC92C0A}.DebugEditor|Any CPU.Build.0 = Debug|Any CPU
		{EB236808-A58C-4C6C-9CEB-FE529CC92C0A}.DebugEditor|x64.ActiveCfg = Debug|x64
		{EB236808-A58C-4C6C-9CEB-FE529CC92C0A}.DebugEditor|x64.Build.0 = Debug|x64
		{EB236808-A58C-4C6C-9CEB-FE529CC92C0A}.DebugEditor|x86.ActiveCfg = Debug|Any CPU
		{EB236808-A58C-4C6C-9CEB-FE529CC92C0A}.DebugEditor|x86.Build.0 = Debug|Any CPU
		{EB236808-A58C-4C6C-9CEB-FE529CC92C0A}.DebugEditorObfuscated|Any CPU.ActiveCfg = Debug|Any CPU
		{EB236808-A58C-4C6C-9CEB-FE529CC92C0A}.DebugEditorObfuscated|Any CPU.Build.0 = Debug|Any CPU
		{EB236808-A58C-4C6C-9CEB-FE529CC92C0A}.DebugEditorObfuscated|x64.ActiveCfg = Debug|Any CPU
		{EB236808-A58C-4C6C-9CEB-FE529CC92C0A}.DebugEditorObfuscated|x64.Build.0 = Debug|Any CPU
		{EB236808-A58C-4C6C-9CEB-FE529CC92C0A}.DebugEditorObfuscated|x86.ActiveCfg = Debug|Any CPU
		{EB236808-A58C-4C6C-9CEB-FE529CC92C0A}.DebugEditorObfuscated|x86.Build.0 = Debug|Any CPU
		{EB236808-A58C-4C6C-9CEB-FE529CC92C0A}.DebugGame|Any CPU.ActiveCfg = Debug|Any CPU
		{EB236808-A58C-4C6C-9CEB-FE529CC92C0A}.DebugGame|Any CPU.Build.0 = Debug|Any CPU
		{EB236808-A58C-4C6C-9CEB-FE529CC92C0A}.DebugGame|x64.ActiveCfg = Debug|x64
		{EB236808-A58C-4C6C-9CEB-FE529CC92C0A}.DebugGame|x64.Build.0 = Debug|x64
		{EB236808-A58C-4C6C-9CEB-FE529CC92C0A}.DebugGame|x86.ActiveCfg = Debug|Any CPU
		{EB236808-A58C-4C6C-9CEB-FE529CC92C0A}.DebugGame|x86.Build.0 = Debug|Any CPU
		{EB236808-A58C-4C6C-9CEB-FE529CC92C0A}.DebugGameObfuscated|Any CPU.ActiveCfg = Debug|Any CPU
		{EB236808-A58C-4C6C-9CEB-FE529CC92C0A}.DebugGameObfuscated|Any CPU.Build.0 = Debug|Any CPU
		{EB236808-A58C-4C6C-9CEB-FE529CC92C0A}.DebugGameObfuscated|x64.ActiveCfg = Debug|Any CPU
		{EB236808-A58C-4C6C-9CEB-FE529CC92C0A}.DebugGameObfuscated|x64.Build.0 = Debug|Any CPU
		{EB236808-A58C-4C6C-9CEB-FE529CC92C0A}.DebugGameObfuscated|x86.ActiveCfg = Debug|Any CPU
		{EB236808-A58C-4C6C-9CEB-FE529CC92C0A}.DebugGameObfuscated|x86.Build.0 = Debug|Any CPU
		{EB236808-A58C-4C6C-9CEB-FE529CC92C0A}.Release|Any CPU.ActiveCfg = Release|Any CPU
		{EB236808-A58C-4C6C-9CEB-FE529CC92C0A}.Release|Any CPU.Build.0 = Release|Any CPU
		{EB236808-A58C-4C6C-9CEB-FE529CC92C0A}.Release|x64.ActiveCfg = Release|x64
		{EB236808-A58C-4C6C-9CEB-FE529CC92C0A}.Release|x64.Build.0 = Release|x64
		{EB236808-A58C-4C6C-9CEB-FE529CC92C0A}.Release|x86.ActiveCfg = Release|Any CPU
		{EB236808-A58C-4C6C-9CEB-FE529CC92C0A}.Release|x86.Build.0 = Release|Any CPU
		{EB236808-A58C-4C6C-9CEB-FE529CC92C0A}.ReleaseEditor|Any CPU.ActiveCfg = Release|Any CPU
		{EB236808-A58C-4C6C-9CEB-FE529CC92C0A}.ReleaseEditor|Any CPU.Build.0 = Release|Any CPU
		{EB236808-A58C-4C6C-9CEB-FE529CC92C0A}.ReleaseEditor|x64.ActiveCfg = Release|x64
		{EB236808-A58C-4C6C-9CEB-FE529CC92C0A}.ReleaseEditor|x64.Build.0 = Release|x64
		{EB236808-A58C-4C6C-9CEB-FE529CC92C0A}.ReleaseEditor|x86.ActiveCfg = Release|Any CPU
		{EB236808-A58C-4C6C-9CEB-FE529CC92C0A}.ReleaseEditor|x86.Build.0 = Release|Any CPU
		{EB236808-A58C-4C6C-9CEB-FE529CC92C0A}.ReleaseEditorObfuscated|Any CPU.ActiveCfg = Release|Any CPU
		{EB236808-A58C-4C6C-9CEB-FE529CC92C0A}.ReleaseEditorObfuscated|Any CPU.Build.0 = Release|Any CPU
		{EB236808-A58C-4C6C-9CEB-FE529CC92C0A}.ReleaseEditorObfuscated|x64.ActiveCfg = Release|Any CPU
		{EB236808-A58C-4C6C-9CEB-FE529CC92C0A}.ReleaseEditorObfuscated|x64.Build.0 = Release|Any CPU
		{EB236808-A58C-4C6C-9CEB-FE529CC92C0A}.ReleaseEditorObfuscated|x86.ActiveCfg = Release|Any CPU
		{EB236808-A58C-4C6C-9CEB-FE529CC92C0A}.ReleaseEditorObfuscated|x86.Build.0 = Release|Any CPU
		{EB236808-A58C-4C6C-9CEB-FE529CC92C0A}.ReleaseGame|Any CPU.ActiveCfg = Release|Any CPU
		{EB236808-A58C-4C6C-9CEB-FE529CC92C0A}.ReleaseGame|Any CPU.Build.0 = Release|Any CPU
		{EB236808-A58C-4C6C-9CEB-FE529CC92C0A}.ReleaseGame|x64.ActiveCfg = Release|x64
		{EB236808-A58C-4C6C-9CEB-FE529CC92C0A}.ReleaseGame|x64.Build.0 = Release|x64
		{EB236808-A58C-4C6C-9CEB-FE529CC92C0A}.ReleaseGame|x86.ActiveCfg = Release|Any CPU
		{EB236808-A58C-4C6C-9CEB-FE529CC92C0A}.ReleaseGame|x86.Build.0 = Release|Any CPU
		{EB236808-A58C-4C6C-9CEB-FE529CC92C0A}.ReleaseGameObfuscated|Any CPU.ActiveCfg = Release|Any CPU
		{EB236808-A58C-4C6C-9CEB-FE529CC92C0A}.ReleaseGameObfuscated|Any CPU.Build.0 = Release|Any CPU
		{EB236808-A58C-4C6C-9CEB-FE529CC92C0A}.ReleaseGameObfuscated|x64.ActiveCfg = Release|Any CPU
		{EB236808-A58C-4C6C-9CEB-FE529CC92C0A}.ReleaseGameObfuscated|x64.Build.0 = Release|Any CPU
		{EB236808-A58C-4C6C-9CEB-FE529CC92C0A}.ReleaseGameObfuscated|x86.ActiveCfg = Release|Any CPU
		{EB236808-A58C-4C6C-9CEB-FE529CC92C0A}.ReleaseGameObfuscated|x86.Build.0 = Release|Any CPU
		{A445C84A-F177-4478-9384-71F9430B4235}.Debug|Any CPU.ActiveCfg = Debug|Any CPU
		{A445C84A-F177-4478-9384-71F9430B4235}.Debug|Any CPU.Build.0 = Debug|Any CPU
		{A445C84A-F177-4478-9384-71F9430B4235}.Debug|x64.ActiveCfg = Debug|x64
		{A445C84A-F177-4478-9384-71F9430B4235}.Debug|x64.Build.0 = Debug|x64
		{A445C84A-F177-4478-9384-71F9430B4235}.Debug|x86.ActiveCfg = Debug|Any CPU
		{A445C84A-F177-4478-9384-71F9430B4235}.Debug|x86.Build.0 = Debug|Any CPU
		{A445C84A-F177-4478-9384-71F9430B4235}.DebugEditor|Any CPU.ActiveCfg = Debug|Any CPU
		{A445C84A-F177-4478-9384-71F9430B4235}.DebugEditor|Any CPU.Build.0 = Debug|Any CPU
		{A445C84A-F177-4478-9384-71F9430B4235}.DebugEditor|x64.ActiveCfg = Debug|x64
		{A445C84A-F177-4478-9384-71F9430B4235}.DebugEditor|x64.Build.0 = Debug|x64
		{A445C84A-F177-4478-9384-71F9430B4235}.DebugEditor|x86.ActiveCfg = Debug|Any CPU
		{A445C84A-F177-4478-9384-71F9430B4235}.DebugEditor|x86.Build.0 = Debug|Any CPU
		{A445C84A-F177-4478-9384-71F9430B4235}.DebugEditorObfuscated|Any CPU.ActiveCfg = Debug|Any CPU
		{A445C84A-F177-4478-9384-71F9430B4235}.DebugEditorObfuscated|Any CPU.Build.0 = Debug|Any CPU
		{A445C84A-F177-4478-9384-71F9430B4235}.DebugEditorObfuscated|x64.ActiveCfg = Debug|Any CPU
		{A445C84A-F177-4478-9384-71F9430B4235}.DebugEditorObfuscated|x64.Build.0 = Debug|Any CPU
		{A445C84A-F177-4478-9384-71F9430B4235}.DebugEditorObfuscated|x86.ActiveCfg = Debug|Any CPU
		{A445C84A-F177-4478-9384-71F9430B4235}.DebugEditorObfuscated|x86.Build.0 = Debug|Any CPU
		{A445C84A-F177-4478-9384-71F9430B4235}.DebugGame|Any CPU.ActiveCfg = Debug|Any CPU
		{A445C84A-F177-4478-9384-71F9430B4235}.DebugGame|Any CPU.Build.0 = Debug|Any CPU
		{A445C84A-F177-4478-9384-71F9430B4235}.DebugGame|x64.ActiveCfg = Debug|x64
		{A445C84A-F177-4478-9384-71F9430B4235}.DebugGame|x64.Build.0 = Debug|x64
		{A445C84A-F177-4478-9384-71F9430B4235}.DebugGame|x86.ActiveCfg = Debug|Any CPU
		{A445C84A-F177-4478-9384-71F9430B4235}.DebugGame|x86.Build.0 = Debug|Any CPU
		{A445C84A-F177-4478-9384-71F9430B4235}.DebugGameObfuscated|Any CPU.ActiveCfg = Debug|Any CPU
		{A445C84A-F177-4478-9384-71F9430B4235}.DebugGameObfuscated|Any CPU.Build.0 = Debug|Any CPU
		{A445C84A-F177-4478-9384-71F9430B4235}.DebugGameObfuscated|x64.ActiveCfg = Debug|Any CPU
		{A445C84A-F177-4478-9384-71F9430B4235}.DebugGameObfuscated|x64.Build.0 = Debug|Any CPU
		{A445C84A-F177-4478-9384-71F9430B4235}.DebugGameObfuscated|x86.ActiveCfg = Debug|Any CPU
		{A445C84A-F177-4478-9384-71F9430B4235}.DebugGameObfuscated|x86.Build.0 = Debug|Any CPU
		{A445C84A-F177-4478-9384-71F9430B4235}.Release|Any CPU.ActiveCfg = Release|Any CPU
		{A445C84A-F177-4478-9384-71F9430B4235}.Release|Any CPU.Build.0 = Release|Any CPU
		{A445C84A-F177-4478-9384-71F9430B4235}.Release|x64.ActiveCfg = Release|x64
		{A445C84A-F177-4478-9384-71F9430B4235}.Release|x64.Build.0 = Release|x64
		{A445C84A-F177-4478-9384-71F9430B4235}.Release|x86.ActiveCfg = Release|Any CPU
		{A445C84A-F177-4478-9384-71F9430B4235}.Release|x86.Build.0 = Release|Any CPU
		{A445C84A-F177-4478-9384-71F9430B4235}.ReleaseEditor|Any CPU.ActiveCfg = Release|Any CPU
		{A445C84A-F177-4478-9384-71F9430B4235}.ReleaseEditor|Any CPU.Build.0 = Release|Any CPU
		{A445C84A-F177-4478-9384-71F9430B4235}.ReleaseEditor|x64.ActiveCfg = Release|x64
		{A445C84A-F177-4478-9384-71F9430B4235}.ReleaseEditor|x64.Build.0 = Release|x64
		{A445C84A-F177-4478-9384-71F9430B4235}.ReleaseEditor|x86.ActiveCfg = Release|Any CPU
		{A445C84A-F177-4478-9384-71F9430B4235}.ReleaseEditor|x86.Build.0 = Release|Any CPU
		{A445C84A-F177-4478-9384-71F9430B4235}.ReleaseEditorObfuscated|Any CPU.ActiveCfg = Release|Any CPU
		{A445C84A-F177-4478-9384-71F9430B4235}.ReleaseEditorObfuscated|Any CPU.Build.0 = Release|Any CPU
		{A445C84A-F177-4478-9384-71F9430B4235}.ReleaseEditorObfuscated|x64.ActiveCfg = Release|Any CPU
		{A445C84A-F177-4478-9384-71F9430B4235}.ReleaseEditorObfuscated|x64.Build.0 = Release|Any CPU
		{A445C84A-F177-4478-9384-71F9430B4235}.ReleaseEditorObfuscated|x86.ActiveCfg = Release|Any CPU
		{A445C84A-F177-4478-9384-71F9430B4235}.ReleaseEditorObfuscated|x86.Build.0 = Release|Any CPU
		{A445C84A-F177-4478-9384-71F9430B4235}.ReleaseGame|Any CPU.ActiveCfg = Release|Any CPU
		{A445C84A-F177-4478-9384-71F9430B4235}.ReleaseGame|Any CPU.Build.0 = Release|Any CPU
		{A445C84A-F177-4478-9384-71F9430B4235}.ReleaseGame|x64.ActiveCfg = Release|x64
		{A445C84A-F177-4478-9384-71F9430B4235}.ReleaseGame|x64.Build.0 = Release|x64
		{A445C84A-F177-4478-9384-71F9430B4235}.ReleaseGame|x86.ActiveCfg = Release|Any CPU
		{A445C84A-F177-4478-9384-71F9430B4235}.ReleaseGame|x86.Build.0 = Release|Any CPU
		{A445C84A-F177-4478-9384-71F9430B4235}.ReleaseGameObfuscated|Any CPU.ActiveCfg = Release|Any CPU
		{A445C84A-F177-4478-9384-71F9430B4235}.ReleaseGameObfuscated|Any CPU.Build.0 = Release|Any CPU
		{A445C84A-F177-4478-9384-71F9430B4235}.ReleaseGameObfuscated|x64.ActiveCfg = Release|Any CPU
		{A445C84A-F177-4478-9384-71F9430B4235}.ReleaseGameObfuscated|x64.Build.0 = Release|Any CPU
		{A445C84A-F177-4478-9384-71F9430B4235}.ReleaseGameObfuscated|x86.ActiveCfg = Release|Any CPU
		{A445C84A-F177-4478-9384-71F9430B4235}.ReleaseGameObfuscated|x86.Build.0 = Release|Any CPU
		{B6E55049-2DE4-426F-BF4F-1923DAD79C2B}.Debug|Any CPU.ActiveCfg = Debug|Any CPU
		{B6E55049-2DE4-426F-BF4F-1923DAD79C2B}.Debug|Any CPU.Build.0 = Debug|Any CPU
		{B6E55049-2DE4-426F-BF4F-1923DAD79C2B}.Debug|x64.ActiveCfg = Debug|x64
		{B6E55049-2DE4-426F-BF4F-1923DAD79C2B}.Debug|x64.Build.0 = Debug|x64
		{B6E55049-2DE4-426F-BF4F-1923DAD79C2B}.Debug|x86.ActiveCfg = Debug|Any CPU
		{B6E55049-2DE4-426F-BF4F-1923DAD79C2B}.Debug|x86.Build.0 = Debug|Any CPU
		{B6E55049-2DE4-426F-BF4F-1923DAD79C2B}.DebugEditor|Any CPU.ActiveCfg = Debug|Any CPU
		{B6E55049-2DE4-426F-BF4F-1923DAD79C2B}.DebugEditor|Any CPU.Build.0 = Debug|Any CPU
		{B6E55049-2DE4-426F-BF4F-1923DAD79C2B}.DebugEditor|x64.ActiveCfg = Debug|x64
		{B6E55049-2DE4-426F-BF4F-1923DAD79C2B}.DebugEditor|x64.Build.0 = Debug|x64
		{B6E55049-2DE4-426F-BF4F-1923DAD79C2B}.DebugEditor|x86.ActiveCfg = Debug|Any CPU
		{B6E55049-2DE4-426F-BF4F-1923DAD79C2B}.DebugEditor|x86.Build.0 = Debug|Any CPU
		{B6E55049-2DE4-426F-BF4F-1923DAD79C2B}.DebugEditorObfuscated|Any CPU.ActiveCfg = Debug|Any CPU
		{B6E55049-2DE4-426F-BF4F-1923DAD79C2B}.DebugEditorObfuscated|Any CPU.Build.0 = Debug|Any CPU
		{B6E55049-2DE4-426F-BF4F-1923DAD79C2B}.DebugEditorObfuscated|x64.ActiveCfg = Debug|Any CPU
		{B6E55049-2DE4-426F-BF4F-1923DAD79C2B}.DebugEditorObfuscated|x64.Build.0 = Debug|Any CPU
		{B6E55049-2DE4-426F-BF4F-1923DAD79C2B}.DebugEditorObfuscated|x86.ActiveCfg = Debug|Any CPU
		{B6E55049-2DE4-426F-BF4F-1923DAD79C2B}.DebugEditorObfuscated|x86.Build.0 = Debug|Any CPU
		{B6E55049-2DE4-426F-BF4F-1923DAD79C2B}.DebugGame|Any CPU.ActiveCfg = Debug|Any CPU
		{B6E55049-2DE4-426F-BF4F-1923DAD79C2B}.DebugGame|Any CPU.Build.0 = Debug|Any CPU
		{B6E55049-2DE4-426F-BF4F-1923DAD79C2B}.DebugGame|x64.ActiveCfg = Debug|x64
		{B6E55049-2DE4-426F-BF4F-1923DAD79C2B}.DebugGame|x64.Build.0 = Debug|x64
		{B6E55049-2DE4-426F-BF4F-1923DAD79C2B}.DebugGame|x86.ActiveCfg = Debug|Any CPU
		{B6E55049-2DE4-426F-BF4F-1923DAD79C2B}.DebugGame|x86.Build.0 = Debug|Any CPU
		{B6E55049-2DE4-426F-BF4F-1923DAD79C2B}.DebugGameObfuscated|Any CPU.ActiveCfg = Debug|Any CPU
		{B6E55049-2DE4-426F-BF4F-1923DAD79C2B}.DebugGameObfuscated|Any CPU.Build.0 = Debug|Any CPU
		{B6E55049-2DE4-426F-BF4F-1923DAD79C2B}.DebugGameObfuscated|x64.ActiveCfg = Debug|Any CPU
		{B6E55049-2DE4-426F-BF4F-1923DAD79C2B}.DebugGameObfuscated|x64.Build.0 = Debug|Any CPU
		{B6E55049-2DE4-426F-BF4F-1923DAD79C2B}.DebugGameObfuscated|x86.ActiveCfg = Debug|Any CPU
		{B6E55049-2DE4-426F-BF4F-1923DAD79C2B}.DebugGameObfuscated|x86.Build.0 = Debug|Any CPU
		{B6E55049-2DE4-426F-BF4F-1923DAD79C2B}.Release|Any CPU.ActiveCfg = Release|Any CPU
		{B6E55049-2DE4-426F-BF4F-1923DAD79C2B}.Release|Any CPU.Build.0 = Release|Any CPU
		{B6E55049-2DE4-426F-BF4F-1923DAD79C2B}.Release|x64.ActiveCfg = Release|x64
		{B6E55049-2DE4-426F-BF4F-1923DAD79C2B}.Release|x64.Build.0 = Release|x64
		{B6E55049-2DE4-426F-BF4F-1923DAD79C2B}.Release|x86.ActiveCfg = Release|Any CPU
		{B6E55049-2DE4-426F-BF4F-1923DAD79C2B}.Release|x86.Build.0 = Release|Any CPU
		{B6E55049-2DE4-426F-BF4F-1923DAD79C2B}.ReleaseEditor|Any CPU.ActiveCfg = Release|Any CPU
		{B6E55049-2DE4-426F-BF4F-1923DAD79C2B}.ReleaseEditor|Any CPU.Build.0 = Release|Any CPU
		{B6E55049-2DE4-426F-BF4F-1923DAD79C2B}.ReleaseEditor|x64.ActiveCfg = Release|x64
		{B6E55049-2DE4-426F-BF4F-1923DAD79C2B}.ReleaseEditor|x64.Build.0 = Release|x64
		{B6E55049-2DE4-426F-BF4F-1923DAD79C2B}.ReleaseEditor|x86.ActiveCfg = Release|Any CPU
		{B6E55049-2DE4-426F-BF4F-1923DAD79C2B}.ReleaseEditor|x86.Build.0 = Release|Any CPU
		{B6E55049-2DE4-426F-BF4F-1923DAD79C2B}.ReleaseEditorObfuscated|Any CPU.ActiveCfg = Release|Any CPU
		{B6E55049-2DE4-426F-BF4F-1923DAD79C2B}.ReleaseEditorObfuscated|Any CPU.Build.0 = Release|Any CPU
		{B6E55049-2DE4-426F-BF4F-1923DAD79C2B}.ReleaseEditorObfuscated|x64.ActiveCfg = Release|Any CPU
		{B6E55049-2DE4-426F-BF4F-1923DAD79C2B}.ReleaseEditorObfuscated|x64.Build.0 = Release|Any CPU
		{B6E55049-2DE4-426F-BF4F-1923DAD79C2B}.ReleaseEditorObfuscated|x86.ActiveCfg = Release|Any CPU
		{B6E55049-2DE4-426F-BF4F-1923DAD79C2B}.ReleaseEditorObfuscated|x86.Build.0 = Release|Any CPU
		{B6E55049-2DE4-426F-BF4F-1923DAD79C2B}.ReleaseGame|Any CPU.ActiveCfg = Release|Any CPU
		{B6E55049-2DE4-426F-BF4F-1923DAD79C2B}.ReleaseGame|Any CPU.Build.0 = Release|Any CPU
		{B6E55049-2DE4-426F-BF4F-1923DAD79C2B}.ReleaseGame|x64.ActiveCfg = Release|x64
		{B6E55049-2DE4-426F-BF4F-1923DAD79C2B}.ReleaseGame|x64.Build.0 = Release|x64
		{B6E55049-2DE4-426F-BF4F-1923DAD79C2B}.ReleaseGame|x86.ActiveCfg = Release|Any CPU
		{B6E55049-2DE4-426F-BF4F-1923DAD79C2B}.ReleaseGame|x86.Build.0 = Release|Any CPU
		{B6E55049-2DE4-426F-BF4F-1923DAD79C2B}.ReleaseGameObfuscated|Any CPU.ActiveCfg = Release|Any CPU
		{B6E55049-2DE4-426F-BF4F-1923DAD79C2B}.ReleaseGameObfuscated|Any CPU.Build.0 = Release|Any CPU
		{B6E55049-2DE4-426F-BF4F-1923DAD79C2B}.ReleaseGameObfuscated|x64.ActiveCfg = Release|Any CPU
		{B6E55049-2DE4-426F-BF4F-1923DAD79C2B}.ReleaseGameObfuscated|x64.Build.0 = Release|Any CPU
		{B6E55049-2DE4-426F-BF4F-1923DAD79C2B}.ReleaseGameObfuscated|x86.ActiveCfg = Release|Any CPU
		{B6E55049-2DE4-426F-BF4F-1923DAD79C2B}.ReleaseGameObfuscated|x86.Build.0 = Release|Any CPU
		{2369A06F-3F3A-48A1-AA28-D46D87123FB7}.Debug|Any CPU.ActiveCfg = Debug|Any CPU
		{2369A06F-3F3A-48A1-AA28-D46D87123FB7}.Debug|Any CPU.Build.0 = Debug|Any CPU
		{2369A06F-3F3A-48A1-AA28-D46D87123FB7}.Debug|x64.ActiveCfg = Debug|x64
		{2369A06F-3F3A-48A1-AA28-D46D87123FB7}.Debug|x64.Build.0 = Debug|x64
		{2369A06F-3F3A-48A1-AA28-D46D87123FB7}.Debug|x86.ActiveCfg = Debug|Any CPU
		{2369A06F-3F3A-48A1-AA28-D46D87123FB7}.Debug|x86.Build.0 = Debug|Any CPU
		{2369A06F-3F3A-48A1-AA28-D46D87123FB7}.DebugEditor|Any CPU.ActiveCfg = Debug|Any CPU
		{2369A06F-3F3A-48A1-AA28-D46D87123FB7}.DebugEditor|Any CPU.Build.0 = Debug|Any CPU
		{2369A06F-3F3A-48A1-AA28-D46D87123FB7}.DebugEditor|x64.ActiveCfg = Debug|x64
		{2369A06F-3F3A-48A1-AA28-D46D87123FB7}.DebugEditor|x64.Build.0 = Debug|x64
		{2369A06F-3F3A-48A1-AA28-D46D87123FB7}.DebugEditor|x86.ActiveCfg = Debug|Any CPU
		{2369A06F-3F3A-48A1-AA28-D46D87123FB7}.DebugEditor|x86.Build.0 = Debug|Any CPU
		{2369A06F-3F3A-48A1-AA28-D46D87123FB7}.DebugEditorObfuscated|Any CPU.ActiveCfg = Debug|Any CPU
		{2369A06F-3F3A-48A1-AA28-D46D87123FB7}.DebugEditorObfuscated|Any CPU.Build.0 = Debug|Any CPU
		{2369A06F-3F3A-48A1-AA28-D46D87123FB7}.DebugEditorObfuscated|x64.ActiveCfg = Debug|Any CPU
		{2369A06F-3F3A-48A1-AA28-D46D87123FB7}.DebugEditorObfuscated|x64.Build.0 = Debug|Any CPU
		{2369A06F-3F3A-48A1-AA28-D46D87123FB7}.DebugEditorObfuscated|x86.ActiveCfg = Debug|Any CPU
		{2369A06F-3F3A-48A1-AA28-D46D87123FB7}.DebugEditorObfuscated|x86.Build.0 = Debug|Any CPU
		{2369A06F-3F3A-48A1-AA28-D46D87123FB7}.DebugGame|Any CPU.ActiveCfg = Debug|Any CPU
		{2369A06F-3F3A-48A1-AA28-D46D87123FB7}.DebugGame|Any CPU.Build.0 = Debug|Any CPU
		{2369A06F-3F3A-48A1-AA28-D46D87123FB7}.DebugGame|x64.ActiveCfg = Debug|x64
		{2369A06F-3F3A-48A1-AA28-D46D87123FB7}.DebugGame|x64.Build.0 = Debug|x64
		{2369A06F-3F3A-48A1-AA28-D46D87123FB7}.DebugGame|x86.ActiveCfg = Debug|Any CPU
		{2369A06F-3F3A-48A1-AA28-D46D87123FB7}.DebugGame|x86.Build.0 = Debug|Any CPU
		{2369A06F-3F3A-48A1-AA28-D46D87123FB7}.DebugGameObfuscated|Any CPU.ActiveCfg = Debug|Any CPU
		{2369A06F-3F3A-48A1-AA28-D46D87123FB7}.DebugGameObfuscated|Any CPU.Build.0 = Debug|Any CPU
		{2369A06F-3F3A-48A1-AA28-D46D87123FB7}.DebugGameObfuscated|x64.ActiveCfg = Debug|Any CPU
		{2369A06F-3F3A-48A1-AA28-D46D87123FB7}.DebugGameObfuscated|x64.Build.0 = Debug|Any CPU
		{2369A06F-3F3A-48A1-AA28-D46D87123FB7}.DebugGameObfuscated|x86.ActiveCfg = Debug|Any CPU
		{2369A06F-3F3A-48A1-AA28-D46D87123FB7}.DebugGameObfuscated|x86.Build.0 = Debug|Any CPU
		{2369A06F-3F3A-48A1-AA28-D46D87123FB7}.Release|Any CPU.ActiveCfg = Release|Any CPU
		{2369A06F-3F3A-48A1-AA28-D46D87123FB7}.Release|Any CPU.Build.0 = Release|Any CPU
		{2369A06F-3F3A-48A1-AA28-D46D87123FB7}.Release|x64.ActiveCfg = Release|x64
		{2369A06F-3F3A-48A1-AA28-D46D87123FB7}.Release|x64.Build.0 = Release|x64
		{2369A06F-3F3A-48A1-AA28-D46D87123FB7}.Release|x86.ActiveCfg = Release|Any CPU
		{2369A06F-3F3A-48A1-AA28-D46D87123FB7}.Release|x86.Build.0 = Release|Any CPU
		{2369A06F-3F3A-48A1-AA28-D46D87123FB7}.ReleaseEditor|Any CPU.ActiveCfg = Release|Any CPU
		{2369A06F-3F3A-48A1-AA28-D46D87123FB7}.ReleaseEditor|Any CPU.Build.0 = Release|Any CPU
		{2369A06F-3F3A-48A1-AA28-D46D87123FB7}.ReleaseEditor|x64.ActiveCfg = Release|x64
		{2369A06F-3F3A-48A1-AA28-D46D87123FB7}.ReleaseEditor|x64.Build.0 = Release|x64
		{2369A06F-3F3A-48A1-AA28-D46D87123FB7}.ReleaseEditor|x86.ActiveCfg = Release|Any CPU
		{2369A06F-3F3A-48A1-AA28-D46D87123FB7}.ReleaseEditor|x86.Build.0 = Release|Any CPU
		{2369A06F-3F3A-48A1-AA28-D46D87123FB7}.ReleaseEditorObfuscated|Any CPU.ActiveCfg = Release|Any CPU
		{2369A06F-3F3A-48A1-AA28-D46D87123FB7}.ReleaseEditorObfuscated|Any CPU.Build.0 = Release|Any CPU
		{2369A06F-3F3A-48A1-AA28-D46D87123FB7}.ReleaseEditorObfuscated|x64.ActiveCfg = Release|Any CPU
		{2369A06F-3F3A-48A1-AA28-D46D87123FB7}.ReleaseEditorObfuscated|x64.Build.0 = Release|Any CPU
		{2369A06F-3F3A-48A1-AA28-D46D87123FB7}.ReleaseEditorObfuscated|x86.ActiveCfg = Release|Any CPU
		{2369A06F-3F3A-48A1-AA28-D46D87123FB7}.ReleaseEditorObfuscated|x86.Build.0 = Release|Any CPU
		{2369A06F-3F3A-48A1-AA28-D46D87123FB7}.ReleaseGame|Any CPU.ActiveCfg = Release|Any CPU
		{2369A06F-3F3A-48A1-AA28-D46D87123FB7}.ReleaseGame|Any CPU.Build.0 = Release|Any CPU
		{2369A06F-3F3A-48A1-AA28-D46D87123FB7}.ReleaseGame|x64.ActiveCfg = Release|x64
		{2369A06F-3F3A-48A1-AA28-D46D87123FB7}.ReleaseGame|x64.Build.0 = Release|x64
		{2369A06F-3F3A-48A1-AA28-D46D87123FB7}.ReleaseGame|x86.ActiveCfg = Release|Any CPU
		{2369A06F-3F3A-48A1-AA28-D46D87123FB7}.ReleaseGame|x86.Build.0 = Release|Any CPU
		{2369A06F-3F3A-48A1-AA28-D46D87123FB7}.ReleaseGameObfuscated|Any CPU.ActiveCfg = Release|Any CPU
		{2369A06F-3F3A-48A1-AA28-D46D87123FB7}.ReleaseGameObfuscated|Any CPU.Build.0 = Release|Any CPU
		{2369A06F-3F3A-48A1-AA28-D46D87123FB7}.ReleaseGameObfuscated|x64.ActiveCfg = Release|Any CPU
		{2369A06F-3F3A-48A1-AA28-D46D87123FB7}.ReleaseGameObfuscated|x64.Build.0 = Release|Any CPU
		{2369A06F-3F3A-48A1-AA28-D46D87123FB7}.ReleaseGameObfuscated|x86.ActiveCfg = Release|Any CPU
		{2369A06F-3F3A-48A1-AA28-D46D87123FB7}.ReleaseGameObfuscated|x86.Build.0 = Release|Any CPU
		{0B7EFEFA-5DFD-4191-9B79-571A8358A123}.Debug|Any CPU.ActiveCfg = Debug|Any CPU
		{0B7EFEFA-5DFD-4191-9B79-571A8358A123}.Debug|Any CPU.Build.0 = Debug|Any CPU
		{0B7EFEFA-5DFD-4191-9B79-571A8358A123}.Debug|x64.ActiveCfg = Debug|x64
		{0B7EFEFA-5DFD-4191-9B79-571A8358A123}.Debug|x64.Build.0 = Debug|x64
		{0B7EFEFA-5DFD-4191-9B79-571A8358A123}.Debug|x86.ActiveCfg = Debug|Any CPU
		{0B7EFEFA-5DFD-4191-9B79-571A8358A123}.Debug|x86.Build.0 = Debug|Any CPU
		{0B7EFEFA-5DFD-4191-9B79-571A8358A123}.DebugEditor|Any CPU.ActiveCfg = Debug|Any CPU
		{0B7EFEFA-5DFD-4191-9B79-571A8358A123}.DebugEditor|Any CPU.Build.0 = Debug|Any CPU
		{0B7EFEFA-5DFD-4191-9B79-571A8358A123}.DebugEditor|x64.ActiveCfg = Debug|x64
		{0B7EFEFA-5DFD-4191-9B79-571A8358A123}.DebugEditor|x64.Build.0 = Debug|x64
		{0B7EFEFA-5DFD-4191-9B79-571A8358A123}.DebugEditor|x86.ActiveCfg = Debug|Any CPU
		{0B7EFEFA-5DFD-4191-9B79-571A8358A123}.DebugEditor|x86.Build.0 = Debug|Any CPU
		{0B7EFEFA-5DFD-4191-9B79-571A8358A123}.DebugEditorObfuscated|Any CPU.ActiveCfg = Debug|Any CPU
		{0B7EFEFA-5DFD-4191-9B79-571A8358A123}.DebugEditorObfuscated|Any CPU.Build.0 = Debug|Any CPU
		{0B7EFEFA-5DFD-4191-9B79-571A8358A123}.DebugEditorObfuscated|x64.ActiveCfg = Debug|Any CPU
		{0B7EFEFA-5DFD-4191-9B79-571A8358A123}.DebugEditorObfuscated|x64.Build.0 = Debug|Any CPU
		{0B7EFEFA-5DFD-4191-9B79-571A8358A123}.DebugEditorObfuscated|x86.ActiveCfg = Debug|Any CPU
		{0B7EFEFA-5DFD-4191-9B79-571A8358A123}.DebugEditorObfuscated|x86.Build.0 = Debug|Any CPU
		{0B7EFEFA-5DFD-4191-9B79-571A8358A123}.DebugGame|Any CPU.ActiveCfg = Debug|Any CPU
		{0B7EFEFA-5DFD-4191-9B79-571A8358A123}.DebugGame|Any CPU.Build.0 = Debug|Any CPU
		{0B7EFEFA-5DFD-4191-9B79-571A8358A123}.DebugGame|x64.ActiveCfg = Debug|x64
		{0B7EFEFA-5DFD-4191-9B79-571A8358A123}.DebugGame|x64.Build.0 = Debug|x64
		{0B7EFEFA-5DFD-4191-9B79-571A8358A123}.DebugGame|x86.ActiveCfg = Debug|Any CPU
		{0B7EFEFA-5DFD-4191-9B79-571A8358A123}.DebugGame|x86.Build.0 = Debug|Any CPU
		{0B7EFEFA-5DFD-4191-9B79-571A8358A123}.DebugGameObfuscated|Any CPU.ActiveCfg = Debug|Any CPU
		{0B7EFEFA-5DFD-4191-9B79-571A8358A123}.DebugGameObfuscated|Any CPU.Build.0 = Debug|Any CPU
		{0B7EFEFA-5DFD-4191-9B79-571A8358A123}.DebugGameObfuscated|x64.ActiveCfg = Debug|Any CPU
		{0B7EFEFA-5DFD-4191-9B79-571A8358A123}.DebugGameObfuscated|x64.Build.0 = Debug|Any CPU
		{0B7EFEFA-5DFD-4191-9B79-571A8358A123}.DebugGameObfuscated|x86.ActiveCfg = Debug|Any CPU
		{0B7EFEFA-5DFD-4191-9B79-571A8358A123}.DebugGameObfuscated|x86.Build.0 = Debug|Any CPU
		{0B7EFEFA-5DFD-4191-9B79-571A8358A123}.Release|Any CPU.ActiveCfg = Release|Any CPU
		{0B7EFEFA-5DFD-4191-9B79-571A8358A123}.Release|Any CPU.Build.0 = Release|Any CPU
		{0B7EFEFA-5DFD-4191-9B79-571A8358A123}.Release|x64.ActiveCfg = Release|x64
		{0B7EFEFA-5DFD-4191-9B79-571A8358A123}.Release|x64.Build.0 = Release|x64
		{0B7EFEFA-5DFD-4191-9B79-571A8358A123}.Release|x86.ActiveCfg = Release|Any CPU
		{0B7EFEFA-5DFD-4191-9B79-571A8358A123}.Release|x86.Build.0 = Release|Any CPU
		{0B7EFEFA-5DFD-4191-9B79-571A8358A123}.ReleaseEditor|Any CPU.ActiveCfg = Release|Any CPU
		{0B7EFEFA-5DFD-4191-9B79-571A8358A123}.ReleaseEditor|Any CPU.Build.0 = Release|Any CPU
		{0B7EFEFA-5DFD-4191-9B79-571A8358A123}.ReleaseEditor|x64.ActiveCfg = Release|x64
		{0B7EFEFA-5DFD-4191-9B79-571A8358A123}.ReleaseEditor|x64.Build.0 = Release|x64
		{0B7EFEFA-5DFD-4191-9B79-571A8358A123}.ReleaseEditor|x86.ActiveCfg = Release|Any CPU
		{0B7EFEFA-5DFD-4191-9B79-571A8358A123}.ReleaseEditor|x86.Build.0 = Release|Any CPU
		{0B7EFEFA-5DFD-4191-9B79-571A8358A123}.ReleaseEditorObfuscated|Any CPU.ActiveCfg = Release|Any CPU
		{0B7EFEFA-5DFD-4191-9B79-571A8358A123}.ReleaseEditorObfuscated|Any CPU.Build.0 = Release|Any CPU
		{0B7EFEFA-5DFD-4191-9B79-571A8358A123}.ReleaseEditorObfuscated|x64.ActiveCfg = Release|Any CPU
		{0B7EFEFA-5DFD-4191-9B79-571A8358A123}.ReleaseEditorObfuscated|x64.Build.0 = Release|Any CPU
		{0B7EFEFA-5DFD-4191-9B79-571A8358A123}.ReleaseEditorObfuscated|x86.ActiveCfg = Release|Any CPU
		{0B7EFEFA-5DFD-4191-9B79-571A8358A123}.ReleaseEditorObfuscated|x86.Build.0 = Release|Any CPU
		{0B7EFEFA-5DFD-4191-9B79-571A8358A123}.ReleaseGame|Any CPU.ActiveCfg = Release|Any CPU
		{0B7EFEFA-5DFD-4191-9B79-571A8358A123}.ReleaseGame|Any CPU.Build.0 = Release|Any CPU
		{0B7EFEFA-5DFD-4191-9B79-571A8358A123}.ReleaseGame|x64.ActiveCfg = Release|x64
		{0B7EFEFA-5DFD-4191-9B79-571A8358A123}.ReleaseGame|x64.Build.0 = Release|x64
		{0B7EFEFA-5DFD-4191-9B79-571A8358A123}.ReleaseGame|x86.ActiveCfg = Release|Any CPU
		{0B7EFEFA-5DFD-4191-9B79-571A8358A123}.ReleaseGame|x86.Build.0 = Release|Any CPU
		{0B7EFEFA-5DFD-4191-9B79-571A8358A123}.ReleaseGameObfuscated|Any CPU.ActiveCfg = Release|Any CPU
		{0B7EFEFA-5DFD-4191-9B79-571A8358A123}.ReleaseGameObfuscated|Any CPU.Build.0 = Release|Any CPU
		{0B7EFEFA-5DFD-4191-9B79-571A8358A123}.ReleaseGameObfuscated|x64.ActiveCfg = Release|Any CPU
		{0B7EFEFA-5DFD-4191-9B79-571A8358A123}.ReleaseGameObfuscated|x64.Build.0 = Release|Any CPU
		{0B7EFEFA-5DFD-4191-9B79-571A8358A123}.ReleaseGameObfuscated|x86.ActiveCfg = Release|Any CPU
		{0B7EFEFA-5DFD-4191-9B79-571A8358A123}.ReleaseGameObfuscated|x86.Build.0 = Release|Any CPU
	EndGlobalSection
	GlobalSection(SolutionProperties) = preSolution
		HideSolutionNode = FALSE
	EndGlobalSection
	GlobalSection(ExtensibilityGlobals) = postSolution
		SolutionGuid = {000ED08C-68F0-4934-A99E-E864CC0DAA75}
	EndGlobalSection
EndGlobal
