
Microsoft Visual Studio Solution File, Format Version 12.00
# Visual Studio 15
VisualStudioVersion = 15.0.26430.16
MinimumVisualStudioVersion = 10.0.40219.1
Project("{FAE04EC0-301F-11D3-BF4B-00C04F79EFBC}") = "Engine", "Engine\Engine.csproj", "{3BA74071-A8FB-473A-9388-0C8F75872F41}"
EndProject
Project("{FAE04EC0-301F-11D3-BF4B-00C04F79EFBC}") = "WPF Editor", "WPF Editor\WPF Editor.csproj", "{9F363CE1-89EB-46E4-9274-48D58F337377}"
EndProject
Project("{FAE04EC0-301F-11D3-BF4B-00C04F79EFBC}") = "Thera", "Thera\Thera.csproj", "{8953C1AF-EC68-49D0-A62D-4D3DB1D2E8CE}"
EndProject
Project("{FAE04EC0-301F-11D3-BF4B-00C04F79EFBC}") = "Forms Editor", "Forms Editor\Forms Editor.csproj", "{87E68E70-16FA-4807-B5DB-04AB2468A8EF}"
EndProject
Project("{FAE04EC0-301F-11D3-BF4B-00C04F79EFBC}") = "ChromaCrossfire", "ChromaCrossfire\ChromaCrossfire.csproj", "{30E11483-260E-4AC4-AAE9-C7FBF94D7CE0}"
EndProject
Global
	GlobalSection(SolutionConfigurationPlatforms) = preSolution
		DebugEditor|x64 = DebugEditor|x64
		DebugEditor|x86 = DebugEditor|x86
		DebugEditorObfuscated|x64 = DebugEditorObfuscated|x64
		DebugEditorObfuscated|x86 = DebugEditorObfuscated|x86
		DebugGame|x64 = DebugGame|x64
		DebugGame|x86 = DebugGame|x86
		DebugGameObfuscated|x64 = DebugGameObfuscated|x64
		DebugGameObfuscated|x86 = DebugGameObfuscated|x86
		ReleaseEditor|x64 = ReleaseEditor|x64
		ReleaseEditor|x86 = ReleaseEditor|x86
		ReleaseEditorObfuscated|x64 = ReleaseEditorObfuscated|x64
		ReleaseEditorObfuscated|x86 = ReleaseEditorObfuscated|x86
		ReleaseGame|x64 = ReleaseGame|x64
		ReleaseGame|x86 = ReleaseGame|x86
		ReleaseGameObfuscated|x64 = ReleaseGameObfuscated|x64
		ReleaseGameObfuscated|x86 = ReleaseGameObfuscated|x86
	EndGlobalSection
	GlobalSection(ProjectConfigurationPlatforms) = postSolution
		{3BA74071-A8FB-473A-9388-0C8F75872F41}.DebugEditor|x64.ActiveCfg = DebugEditor|x64
		{3BA74071-A8FB-473A-9388-0C8F75872F41}.DebugEditor|x64.Build.0 = DebugEditor|x64
		{3BA74071-A8FB-473A-9388-0C8F75872F41}.DebugEditor|x86.ActiveCfg = DebugEditor|x86
		{3BA74071-A8FB-473A-9388-0C8F75872F41}.DebugEditor|x86.Build.0 = DebugEditor|x86
		{3BA74071-A8FB-473A-9388-0C8F75872F41}.DebugEditorObfuscated|x64.ActiveCfg = DebugEditorObfuscated|x64
		{3BA74071-A8FB-473A-9388-0C8F75872F41}.DebugEditorObfuscated|x64.Build.0 = DebugEditorObfuscated|x64
		{3BA74071-A8FB-473A-9388-0C8F75872F41}.DebugEditorObfuscated|x86.ActiveCfg = DebugEditorObfuscated|x86
		{3BA74071-A8FB-473A-9388-0C8F75872F41}.DebugEditorObfuscated|x86.Build.0 = DebugEditorObfuscated|x86
		{3BA74071-A8FB-473A-9388-0C8F75872F41}.DebugGame|x64.ActiveCfg = DebugGame|x64
		{3BA74071-A8FB-473A-9388-0C8F75872F41}.DebugGame|x64.Build.0 = DebugGame|x64
		{3BA74071-A8FB-473A-9388-0C8F75872F41}.DebugGame|x86.ActiveCfg = DebugGame|x86
		{3BA74071-A8FB-473A-9388-0C8F75872F41}.DebugGame|x86.Build.0 = DebugGame|x86
		{3BA74071-A8FB-473A-9388-0C8F75872F41}.DebugGameObfuscated|x64.ActiveCfg = DebugGameObfuscated|x64
		{3BA74071-A8FB-473A-9388-0C8F75872F41}.DebugGameObfuscated|x64.Build.0 = DebugGameObfuscated|x64
		{3BA74071-A8FB-473A-9388-0C8F75872F41}.DebugGameObfuscated|x86.ActiveCfg = DebugGameObfuscated|x86
		{3BA74071-A8FB-473A-9388-0C8F75872F41}.DebugGameObfuscated|x86.Build.0 = DebugGameObfuscated|x86
		{3BA74071-A8FB-473A-9388-0C8F75872F41}.ReleaseEditor|x64.ActiveCfg = ReleaseEditor|x64
		{3BA74071-A8FB-473A-9388-0C8F75872F41}.ReleaseEditor|x64.Build.0 = ReleaseEditor|x64
		{3BA74071-A8FB-473A-9388-0C8F75872F41}.ReleaseEditor|x86.ActiveCfg = ReleaseEditor|x86
		{3BA74071-A8FB-473A-9388-0C8F75872F41}.ReleaseEditor|x86.Build.0 = ReleaseEditor|x86
		{3BA74071-A8FB-473A-9388-0C8F75872F41}.ReleaseEditorObfuscated|x64.ActiveCfg = ReleaseEditorObfuscated|x64
		{3BA74071-A8FB-473A-9388-0C8F75872F41}.ReleaseEditorObfuscated|x64.Build.0 = ReleaseEditorObfuscated|x64
		{3BA74071-A8FB-473A-9388-0C8F75872F41}.ReleaseEditorObfuscated|x86.ActiveCfg = ReleaseEditorObfuscated|x86
		{3BA74071-A8FB-473A-9388-0C8F75872F41}.ReleaseEditorObfuscated|x86.Build.0 = ReleaseEditorObfuscated|x86
		{3BA74071-A8FB-473A-9388-0C8F75872F41}.ReleaseGame|x64.ActiveCfg = ReleaseGame|x64
		{3BA74071-A8FB-473A-9388-0C8F75872F41}.ReleaseGame|x64.Build.0 = ReleaseGame|x64
		{3BA74071-A8FB-473A-9388-0C8F75872F41}.ReleaseGame|x86.ActiveCfg = ReleaseGame|x86
		{3BA74071-A8FB-473A-9388-0C8F75872F41}.ReleaseGame|x86.Build.0 = ReleaseGame|x86
		{3BA74071-A8FB-473A-9388-0C8F75872F41}.ReleaseGameObfuscated|x64.ActiveCfg = ReleaseGameObfuscated|x64
		{3BA74071-A8FB-473A-9388-0C8F75872F41}.ReleaseGameObfuscated|x64.Build.0 = ReleaseGameObfuscated|x64
		{3BA74071-A8FB-473A-9388-0C8F75872F41}.ReleaseGameObfuscated|x86.ActiveCfg = ReleaseGameObfuscated|x86
		{3BA74071-A8FB-473A-9388-0C8F75872F41}.ReleaseGameObfuscated|x86.Build.0 = ReleaseGameObfuscated|x86
		{9F363CE1-89EB-46E4-9274-48D58F337377}.DebugEditor|x64.ActiveCfg = Debug|x64
		{9F363CE1-89EB-46E4-9274-48D58F337377}.DebugEditor|x86.ActiveCfg = Debug|x86
		{9F363CE1-89EB-46E4-9274-48D58F337377}.DebugEditorObfuscated|x64.ActiveCfg = Debug|x64
		{9F363CE1-89EB-46E4-9274-48D58F337377}.DebugEditorObfuscated|x86.ActiveCfg = Debug|x86
		{9F363CE1-89EB-46E4-9274-48D58F337377}.DebugGame|x64.ActiveCfg = Debug|x64
		{9F363CE1-89EB-46E4-9274-48D58F337377}.DebugGame|x86.ActiveCfg = Debug|x86
		{9F363CE1-89EB-46E4-9274-48D58F337377}.DebugGameObfuscated|x64.ActiveCfg = Debug|x64
		{9F363CE1-89EB-46E4-9274-48D58F337377}.DebugGameObfuscated|x86.ActiveCfg = Debug|x86
		{9F363CE1-89EB-46E4-9274-48D58F337377}.ReleaseEditor|x64.ActiveCfg = Release|x64
		{9F363CE1-89EB-46E4-9274-48D58F337377}.ReleaseEditor|x86.ActiveCfg = Release|x86
		{9F363CE1-89EB-46E4-9274-48D58F337377}.ReleaseEditorObfuscated|x64.ActiveCfg = Release|x64
		{9F363CE1-89EB-46E4-9274-48D58F337377}.ReleaseEditorObfuscated|x86.ActiveCfg = Release|x86
		{9F363CE1-89EB-46E4-9274-48D58F337377}.ReleaseGame|x64.ActiveCfg = Release|x64
		{9F363CE1-89EB-46E4-9274-48D58F337377}.ReleaseGame|x86.ActiveCfg = Release|x86
		{9F363CE1-89EB-46E4-9274-48D58F337377}.ReleaseGameObfuscated|x64.ActiveCfg = Release|x64
		{9F363CE1-89EB-46E4-9274-48D58F337377}.ReleaseGameObfuscated|x86.ActiveCfg = Release|x86
		{8953C1AF-EC68-49D0-A62D-4D3DB1D2E8CE}.DebugEditor|x64.ActiveCfg = Debug|x64
		{8953C1AF-EC68-49D0-A62D-4D3DB1D2E8CE}.DebugEditor|x64.Build.0 = Debug|x64
		{8953C1AF-EC68-49D0-A62D-4D3DB1D2E8CE}.DebugEditor|x86.ActiveCfg = Debug|x86
		{8953C1AF-EC68-49D0-A62D-4D3DB1D2E8CE}.DebugEditor|x86.Build.0 = Debug|x86
		{8953C1AF-EC68-49D0-A62D-4D3DB1D2E8CE}.DebugEditorObfuscated|x64.ActiveCfg = Debug|x64
		{8953C1AF-EC68-49D0-A62D-4D3DB1D2E8CE}.DebugEditorObfuscated|x64.Build.0 = Debug|x64
		{8953C1AF-EC68-49D0-A62D-4D3DB1D2E8CE}.DebugEditorObfuscated|x86.ActiveCfg = Debug|x86
		{8953C1AF-EC68-49D0-A62D-4D3DB1D2E8CE}.DebugEditorObfuscated|x86.Build.0 = Debug|x86
		{8953C1AF-EC68-49D0-A62D-4D3DB1D2E8CE}.DebugGame|x64.ActiveCfg = Debug|x64
		{8953C1AF-EC68-49D0-A62D-4D3DB1D2E8CE}.DebugGame|x64.Build.0 = Debug|x64
		{8953C1AF-EC68-49D0-A62D-4D3DB1D2E8CE}.DebugGame|x86.ActiveCfg = Debug|x86
		{8953C1AF-EC68-49D0-A62D-4D3DB1D2E8CE}.DebugGame|x86.Build.0 = Debug|x86
		{8953C1AF-EC68-49D0-A62D-4D3DB1D2E8CE}.DebugGameObfuscated|x64.ActiveCfg = Debug|x64
		{8953C1AF-EC68-49D0-A62D-4D3DB1D2E8CE}.DebugGameObfuscated|x64.Build.0 = Debug|x64
		{8953C1AF-EC68-49D0-A62D-4D3DB1D2E8CE}.DebugGameObfuscated|x86.ActiveCfg = Debug|x86
		{8953C1AF-EC68-49D0-A62D-4D3DB1D2E8CE}.DebugGameObfuscated|x86.Build.0 = Debug|x86
		{8953C1AF-EC68-49D0-A62D-4D3DB1D2E8CE}.ReleaseEditor|x64.ActiveCfg = Release|x64
		{8953C1AF-EC68-49D0-A62D-4D3DB1D2E8CE}.ReleaseEditor|x64.Build.0 = Release|x64
		{8953C1AF-EC68-49D0-A62D-4D3DB1D2E8CE}.ReleaseEditor|x86.ActiveCfg = Release|x86
		{8953C1AF-EC68-49D0-A62D-4D3DB1D2E8CE}.ReleaseEditor|x86.Build.0 = Release|x86
		{8953C1AF-EC68-49D0-A62D-4D3DB1D2E8CE}.ReleaseEditorObfuscated|x64.ActiveCfg = Release|x64
		{8953C1AF-EC68-49D0-A62D-4D3DB1D2E8CE}.ReleaseEditorObfuscated|x64.Build.0 = Release|x64
		{8953C1AF-EC68-49D0-A62D-4D3DB1D2E8CE}.ReleaseEditorObfuscated|x86.ActiveCfg = Release|x86
		{8953C1AF-EC68-49D0-A62D-4D3DB1D2E8CE}.ReleaseEditorObfuscated|x86.Build.0 = Release|x86
		{8953C1AF-EC68-49D0-A62D-4D3DB1D2E8CE}.ReleaseGame|x64.ActiveCfg = Release|x64
		{8953C1AF-EC68-49D0-A62D-4D3DB1D2E8CE}.ReleaseGame|x64.Build.0 = Release|x64
		{8953C1AF-EC68-49D0-A62D-4D3DB1D2E8CE}.ReleaseGame|x86.ActiveCfg = Release|x86
		{8953C1AF-EC68-49D0-A62D-4D3DB1D2E8CE}.ReleaseGame|x86.Build.0 = Release|x86
		{8953C1AF-EC68-49D0-A62D-4D3DB1D2E8CE}.ReleaseGameObfuscated|x64.ActiveCfg = Release|x64
		{8953C1AF-EC68-49D0-A62D-4D3DB1D2E8CE}.ReleaseGameObfuscated|x64.Build.0 = Release|x64
		{8953C1AF-EC68-49D0-A62D-4D3DB1D2E8CE}.ReleaseGameObfuscated|x86.ActiveCfg = Release|x86
		{8953C1AF-EC68-49D0-A62D-4D3DB1D2E8CE}.ReleaseGameObfuscated|x86.Build.0 = Release|x86
		{87E68E70-16FA-4807-B5DB-04AB2468A8EF}.DebugEditor|x64.ActiveCfg = Debug|x64
		{87E68E70-16FA-4807-B5DB-04AB2468A8EF}.DebugEditor|x64.Build.0 = Debug|x64
		{87E68E70-16FA-4807-B5DB-04AB2468A8EF}.DebugEditor|x86.ActiveCfg = Debug|x86
		{87E68E70-16FA-4807-B5DB-04AB2468A8EF}.DebugEditor|x86.Build.0 = Debug|x86
		{87E68E70-16FA-4807-B5DB-04AB2468A8EF}.DebugEditorObfuscated|x64.ActiveCfg = Debug|x64
		{87E68E70-16FA-4807-B5DB-04AB2468A8EF}.DebugEditorObfuscated|x64.Build.0 = Debug|x64
		{87E68E70-16FA-4807-B5DB-04AB2468A8EF}.DebugEditorObfuscated|x86.ActiveCfg = Debug|x86
		{87E68E70-16FA-4807-B5DB-04AB2468A8EF}.DebugEditorObfuscated|x86.Build.0 = Debug|x86
		{87E68E70-16FA-4807-B5DB-04AB2468A8EF}.DebugGame|x64.ActiveCfg = Debug|x64
		{87E68E70-16FA-4807-B5DB-04AB2468A8EF}.DebugGame|x86.ActiveCfg = Debug|x86
		{87E68E70-16FA-4807-B5DB-04AB2468A8EF}.DebugGameObfuscated|x64.ActiveCfg = Debug|x64
		{87E68E70-16FA-4807-B5DB-04AB2468A8EF}.DebugGameObfuscated|x86.ActiveCfg = Debug|x86
		{87E68E70-16FA-4807-B5DB-04AB2468A8EF}.ReleaseEditor|x64.ActiveCfg = Release|x64
		{87E68E70-16FA-4807-B5DB-04AB2468A8EF}.ReleaseEditor|x64.Build.0 = Release|x64
		{87E68E70-16FA-4807-B5DB-04AB2468A8EF}.ReleaseEditor|x86.ActiveCfg = Release|x86
		{87E68E70-16FA-4807-B5DB-04AB2468A8EF}.ReleaseEditor|x86.Build.0 = Release|x86
		{87E68E70-16FA-4807-B5DB-04AB2468A8EF}.ReleaseEditorObfuscated|x64.ActiveCfg = Release|x64
		{87E68E70-16FA-4807-B5DB-04AB2468A8EF}.ReleaseEditorObfuscated|x64.Build.0 = Release|x64
		{87E68E70-16FA-4807-B5DB-04AB2468A8EF}.ReleaseEditorObfuscated|x86.ActiveCfg = Release|x86
		{87E68E70-16FA-4807-B5DB-04AB2468A8EF}.ReleaseEditorObfuscated|x86.Build.0 = Release|x86
		{87E68E70-16FA-4807-B5DB-04AB2468A8EF}.ReleaseGame|x64.ActiveCfg = Release|x64
		{87E68E70-16FA-4807-B5DB-04AB2468A8EF}.ReleaseGame|x86.ActiveCfg = Release|x86
		{87E68E70-16FA-4807-B5DB-04AB2468A8EF}.ReleaseGameObfuscated|x64.ActiveCfg = Release|x64
		{87E68E70-16FA-4807-B5DB-04AB2468A8EF}.ReleaseGameObfuscated|x86.ActiveCfg = Release|x86
		{30E11483-260E-4AC4-AAE9-C7FBF94D7CE0}.DebugEditor|x64.ActiveCfg = Debug|Any CPU
		{30E11483-260E-4AC4-AAE9-C7FBF94D7CE0}.DebugEditor|x64.Build.0 = Debug|Any CPU
		{30E11483-260E-4AC4-AAE9-C7FBF94D7CE0}.DebugEditor|x86.ActiveCfg = Debug|Any CPU
		{30E11483-260E-4AC4-AAE9-C7FBF94D7CE0}.DebugEditor|x86.Build.0 = Debug|Any CPU
		{30E11483-260E-4AC4-AAE9-C7FBF94D7CE0}.DebugEditorObfuscated|x64.ActiveCfg = Debug|Any CPU
		{30E11483-260E-4AC4-AAE9-C7FBF94D7CE0}.DebugEditorObfuscated|x64.Build.0 = Debug|Any CPU
		{30E11483-260E-4AC4-AAE9-C7FBF94D7CE0}.DebugEditorObfuscated|x86.ActiveCfg = Debug|Any CPU
		{30E11483-260E-4AC4-AAE9-C7FBF94D7CE0}.DebugEditorObfuscated|x86.Build.0 = Debug|Any CPU
		{30E11483-260E-4AC4-AAE9-C7FBF94D7CE0}.DebugGame|x64.ActiveCfg = Debug|Any CPU
		{30E11483-260E-4AC4-AAE9-C7FBF94D7CE0}.DebugGame|x64.Build.0 = Debug|Any CPU
		{30E11483-260E-4AC4-AAE9-C7FBF94D7CE0}.DebugGame|x86.ActiveCfg = Debug|Any CPU
		{30E11483-260E-4AC4-AAE9-C7FBF94D7CE0}.DebugGame|x86.Build.0 = Debug|Any CPU
		{30E11483-260E-4AC4-AAE9-C7FBF94D7CE0}.DebugGameObfuscated|x64.ActiveCfg = Debug|Any CPU
		{30E11483-260E-4AC4-AAE9-C7FBF94D7CE0}.DebugGameObfuscated|x64.Build.0 = Debug|Any CPU
		{30E11483-260E-4AC4-AAE9-C7FBF94D7CE0}.DebugGameObfuscated|x86.ActiveCfg = Debug|Any CPU
		{30E11483-260E-4AC4-AAE9-C7FBF94D7CE0}.DebugGameObfuscated|x86.Build.0 = Debug|Any CPU
		{30E11483-260E-4AC4-AAE9-C7FBF94D7CE0}.ReleaseEditor|x64.ActiveCfg = Release|Any CPU
		{30E11483-260E-4AC4-AAE9-C7FBF94D7CE0}.ReleaseEditor|x64.Build.0 = Release|Any CPU
		{30E11483-260E-4AC4-AAE9-C7FBF94D7CE0}.ReleaseEditor|x86.ActiveCfg = Release|Any CPU
		{30E11483-260E-4AC4-AAE9-C7FBF94D7CE0}.ReleaseEditor|x86.Build.0 = Release|Any CPU
		{30E11483-260E-4AC4-AAE9-C7FBF94D7CE0}.ReleaseEditorObfuscated|x64.ActiveCfg = Release|Any CPU
		{30E11483-260E-4AC4-AAE9-C7FBF94D7CE0}.ReleaseEditorObfuscated|x64.Build.0 = Release|Any CPU
		{30E11483-260E-4AC4-AAE9-C7FBF94D7CE0}.ReleaseEditorObfuscated|x86.ActiveCfg = Release|Any CPU
		{30E11483-260E-4AC4-AAE9-C7FBF94D7CE0}.ReleaseEditorObfuscated|x86.Build.0 = Release|Any CPU
		{30E11483-260E-4AC4-AAE9-C7FBF94D7CE0}.ReleaseGame|x64.ActiveCfg = Release|Any CPU
		{30E11483-260E-4AC4-AAE9-C7FBF94D7CE0}.ReleaseGame|x64.Build.0 = Release|Any CPU
		{30E11483-260E-4AC4-AAE9-C7FBF94D7CE0}.ReleaseGame|x86.ActiveCfg = Release|Any CPU
		{30E11483-260E-4AC4-AAE9-C7FBF94D7CE0}.ReleaseGame|x86.Build.0 = Release|Any CPU
		{30E11483-260E-4AC4-AAE9-C7FBF94D7CE0}.ReleaseGameObfuscated|x64.ActiveCfg = Release|Any CPU
		{30E11483-260E-4AC4-AAE9-C7FBF94D7CE0}.ReleaseGameObfuscated|x64.Build.0 = Release|Any CPU
		{30E11483-260E-4AC4-AAE9-C7FBF94D7CE0}.ReleaseGameObfuscated|x86.ActiveCfg = Release|Any CPU
		{30E11483-260E-4AC4-AAE9-C7FBF94D7CE0}.ReleaseGameObfuscated|x86.Build.0 = Release|Any CPU
	EndGlobalSection
	GlobalSection(SolutionProperties) = preSolution
		HideSolutionNode = FALSE
	EndGlobalSection
EndGlobal
