
Microsoft Visual Studio Solution File, Format Version 12.00
# Visual Studio 14
VisualStudioVersion = 14.0.25420.1
MinimumVisualStudioVersion = 10.0.40219.1
Project("{2150E333-8FDC-42A3-9474-1A3956D46DE8}") = "UI Examples", "UI Examples", "{9CF9D978-78C2-4525-9D32-09A951F5F818}"
EndProject
Project("{2150E333-8FDC-42A3-9474-1A3956D46DE8}") = "ExportScenes", "ExportScenes", "{9AE61DCB-928A-40E1-B304-5278C253272D}"
EndProject
Project("{2150E333-8FDC-42A3-9474-1A3956D46DE8}") = "ImportScenes", "ImportScenes", "{C5D3408D-C029-4A97-BB6C-86DB89575095}"
EndProject
Project("{2150E333-8FDC-42A3-9474-1A3956D46DE8}") = "Layers", "Layers", "{ECCE9014-9E6E-4F7D-9255-66C680941A8D}"
EndProject
Project("{2150E333-8FDC-42A3-9474-1A3956D46DE8}") = "UserProperties", "UserProperties", "{4D858205-41B7-4A6D-9BF4-423E16DABD3C}"
EndProject
Project("{2150E333-8FDC-42A3-9474-1A3956D46DE8}") = "ViewScene", "ViewScene", "{7B1F3896-745C-4249-99AF-1CDB90B0340F}"
EndProject
Project("{8BC9CEB8-8B4A-11D0-8D11-00A0C91BC942}") = "FbxSDK", "Fbx\Fbx.vcxproj", "{D8BCDE8D-4A1D-4471-898C-D98C8B26E471}"
EndProject
Project("{FAE04EC0-301F-11D3-BF4B-00C04F79EFBC}") = "ImportExport", "ImportExport\ImportExport.csproj", "{54E74022-E77D-41BA-8B2E-96F7E5A26119}"
EndProject
Project("{FAE04EC0-301F-11D3-BF4B-00C04F79EFBC}") = "SceneTreeView", "SceneTreeView\SceneTreeView.csproj", "{F8F31DF9-95D5-4BCA-B957-9C7ED1743C30}"
EndProject
Project("{FAE04EC0-301F-11D3-BF4B-00C04F79EFBC}") = "CubeCreator", "CubeCreator\CubeCreator.csproj", "{F08487E2-1689-416C-89CD-1C919202DA51}"
EndProject
Project("{FAE04EC0-301F-11D3-BF4B-00C04F79EFBC}") = "ExportScene01", "ExportScene01\ExportScene01.csproj", "{44E7022A-977B-4C97-848E-26902FF6B424}"
EndProject
Project("{FAE04EC0-301F-11D3-BF4B-00C04F79EFBC}") = "ImportScene", "ImportScene\ImportScene.csproj", "{604B0FE1-4F04-49B0-85C4-20F6BCBC8E5A}"
EndProject
Project("{FAE04EC0-301F-11D3-BF4B-00C04F79EFBC}") = "ExportScene02", "ExportScene02\ExportScene02.csproj", "{50443047-E170-4880-85D7-B43689350C9E}"
EndProject
Project("{FAE04EC0-301F-11D3-BF4B-00C04F79EFBC}") = "ExportScene03", "ExportScene03\ExportScene03.csproj", "{83C42973-ADB9-43AA-88BB-834AA057BF03}"
EndProject
Project("{FAE04EC0-301F-11D3-BF4B-00C04F79EFBC}") = "ExportScene04", "ExportScene04\ExportScene04.csproj", "{01FBD4C8-029A-4B89-83A7-C27C6074560A}"
EndProject
Project("{FAE04EC0-301F-11D3-BF4B-00C04F79EFBC}") = "ExportScene05", "ExportScene05\ExportScene05.csproj", "{92885F0F-7535-4F55-987A-3D08124BF2E3}"
EndProject
Project("{FAE04EC0-301F-11D3-BF4B-00C04F79EFBC}") = "Layers", "Layers\Layers.csproj", "{7736F553-8F86-4ED5-BC86-9EB4BFB7D2F1}"
EndProject
Project("{FAE04EC0-301F-11D3-BF4B-00C04F79EFBC}") = "UserProperties", "UserProperties\UserProperties.csproj", "{428BF9DF-380D-4267-A375-5FE35862967F}"
EndProject
Global
	GlobalSection(SolutionConfigurationPlatforms) = preSolution
		Debug|Any CPU = Debug|Any CPU
		Debug|Mixed Platforms = Debug|Mixed Platforms
		Debug|Win32 = Debug|Win32
		Release|Any CPU = Release|Any CPU
		Release|Mixed Platforms = Release|Mixed Platforms
		Release|Win32 = Release|Win32
	EndGlobalSection
	GlobalSection(ProjectConfigurationPlatforms) = postSolution
		{D8BCDE8D-4A1D-4471-898C-D98C8B26E471}.Debug|Any CPU.ActiveCfg = Debug|Win32
		{D8BCDE8D-4A1D-4471-898C-D98C8B26E471}.Debug|Mixed Platforms.ActiveCfg = Debug|Win32
		{D8BCDE8D-4A1D-4471-898C-D98C8B26E471}.Debug|Mixed Platforms.Build.0 = Debug|Win32
		{D8BCDE8D-4A1D-4471-898C-D98C8B26E471}.Debug|Win32.ActiveCfg = Debug|Win32
		{D8BCDE8D-4A1D-4471-898C-D98C8B26E471}.Debug|Win32.Build.0 = Debug|Win32
		{D8BCDE8D-4A1D-4471-898C-D98C8B26E471}.Release|Any CPU.ActiveCfg = Release|Win32
		{D8BCDE8D-4A1D-4471-898C-D98C8B26E471}.Release|Mixed Platforms.ActiveCfg = Release|Win32
		{D8BCDE8D-4A1D-4471-898C-D98C8B26E471}.Release|Mixed Platforms.Build.0 = Release|Win32
		{D8BCDE8D-4A1D-4471-898C-D98C8B26E471}.Release|Win32.ActiveCfg = Release|Win32
		{D8BCDE8D-4A1D-4471-898C-D98C8B26E471}.Release|Win32.Build.0 = Release|Win32
		{54E74022-E77D-41BA-8B2E-96F7E5A26119}.Debug|Any CPU.ActiveCfg = Debug|Any CPU
		{54E74022-E77D-41BA-8B2E-96F7E5A26119}.Debug|Any CPU.Build.0 = Debug|Any CPU
		{54E74022-E77D-41BA-8B2E-96F7E5A26119}.Debug|Mixed Platforms.ActiveCfg = Debug|Any CPU
		{54E74022-E77D-41BA-8B2E-96F7E5A26119}.Debug|Win32.ActiveCfg = Debug|Any CPU
		{54E74022-E77D-41BA-8B2E-96F7E5A26119}.Release|Any CPU.ActiveCfg = Release|Any CPU
		{54E74022-E77D-41BA-8B2E-96F7E5A26119}.Release|Any CPU.Build.0 = Release|Any CPU
		{54E74022-E77D-41BA-8B2E-96F7E5A26119}.Release|Mixed Platforms.ActiveCfg = Release|Any CPU
		{54E74022-E77D-41BA-8B2E-96F7E5A26119}.Release|Mixed Platforms.Build.0 = Release|Any CPU
		{54E74022-E77D-41BA-8B2E-96F7E5A26119}.Release|Win32.ActiveCfg = Release|Any CPU
		{F8F31DF9-95D5-4BCA-B957-9C7ED1743C30}.Debug|Any CPU.ActiveCfg = Debug|Any CPU
		{F8F31DF9-95D5-4BCA-B957-9C7ED1743C30}.Debug|Any CPU.Build.0 = Debug|Any CPU
		{F8F31DF9-95D5-4BCA-B957-9C7ED1743C30}.Debug|Mixed Platforms.ActiveCfg = Debug|Any CPU
		{F8F31DF9-95D5-4BCA-B957-9C7ED1743C30}.Debug|Win32.ActiveCfg = Debug|Any CPU
		{F8F31DF9-95D5-4BCA-B957-9C7ED1743C30}.Release|Any CPU.ActiveCfg = Release|Any CPU
		{F8F31DF9-95D5-4BCA-B957-9C7ED1743C30}.Release|Any CPU.Build.0 = Release|Any CPU
		{F8F31DF9-95D5-4BCA-B957-9C7ED1743C30}.Release|Mixed Platforms.ActiveCfg = Release|Any CPU
		{F8F31DF9-95D5-4BCA-B957-9C7ED1743C30}.Release|Mixed Platforms.Build.0 = Release|Any CPU
		{F8F31DF9-95D5-4BCA-B957-9C7ED1743C30}.Release|Win32.ActiveCfg = Release|Any CPU
		{F08487E2-1689-416C-89CD-1C919202DA51}.Debug|Any CPU.ActiveCfg = Debug|Any CPU
		{F08487E2-1689-416C-89CD-1C919202DA51}.Debug|Any CPU.Build.0 = Debug|Any CPU
		{F08487E2-1689-416C-89CD-1C919202DA51}.Debug|Mixed Platforms.ActiveCfg = Debug|Any CPU
		{F08487E2-1689-416C-89CD-1C919202DA51}.Debug|Win32.ActiveCfg = Debug|Any CPU
		{F08487E2-1689-416C-89CD-1C919202DA51}.Release|Any CPU.ActiveCfg = Release|Any CPU
		{F08487E2-1689-416C-89CD-1C919202DA51}.Release|Any CPU.Build.0 = Release|Any CPU
		{F08487E2-1689-416C-89CD-1C919202DA51}.Release|Mixed Platforms.ActiveCfg = Release|Any CPU
		{F08487E2-1689-416C-89CD-1C919202DA51}.Release|Mixed Platforms.Build.0 = Release|Any CPU
		{F08487E2-1689-416C-89CD-1C919202DA51}.Release|Win32.ActiveCfg = Release|Any CPU
		{44E7022A-977B-4C97-848E-26902FF6B424}.Debug|Any CPU.ActiveCfg = Debug|Any CPU
		{44E7022A-977B-4C97-848E-26902FF6B424}.Debug|Any CPU.Build.0 = Debug|Any CPU
		{44E7022A-977B-4C97-848E-26902FF6B424}.Debug|Mixed Platforms.ActiveCfg = Debug|Any CPU
		{44E7022A-977B-4C97-848E-26902FF6B424}.Debug|Win32.ActiveCfg = Debug|Any CPU
		{44E7022A-977B-4C97-848E-26902FF6B424}.Release|Any CPU.ActiveCfg = Release|Any CPU
		{44E7022A-977B-4C97-848E-26902FF6B424}.Release|Any CPU.Build.0 = Release|Any CPU
		{44E7022A-977B-4C97-848E-26902FF6B424}.Release|Mixed Platforms.ActiveCfg = Release|Any CPU
		{44E7022A-977B-4C97-848E-26902FF6B424}.Release|Mixed Platforms.Build.0 = Release|Any CPU
		{44E7022A-977B-4C97-848E-26902FF6B424}.Release|Win32.ActiveCfg = Release|Any CPU
		{604B0FE1-4F04-49B0-85C4-20F6BCBC8E5A}.Debug|Any CPU.ActiveCfg = Debug|Any CPU
		{604B0FE1-4F04-49B0-85C4-20F6BCBC8E5A}.Debug|Any CPU.Build.0 = Debug|Any CPU
		{604B0FE1-4F04-49B0-85C4-20F6BCBC8E5A}.Debug|Mixed Platforms.ActiveCfg = Debug|Any CPU
		{604B0FE1-4F04-49B0-85C4-20F6BCBC8E5A}.Debug|Win32.ActiveCfg = Debug|Any CPU
		{604B0FE1-4F04-49B0-85C4-20F6BCBC8E5A}.Release|Any CPU.ActiveCfg = Release|Any CPU
		{604B0FE1-4F04-49B0-85C4-20F6BCBC8E5A}.Release|Any CPU.Build.0 = Release|Any CPU
		{604B0FE1-4F04-49B0-85C4-20F6BCBC8E5A}.Release|Mixed Platforms.ActiveCfg = Release|Any CPU
		{604B0FE1-4F04-49B0-85C4-20F6BCBC8E5A}.Release|Mixed Platforms.Build.0 = Release|Any CPU
		{604B0FE1-4F04-49B0-85C4-20F6BCBC8E5A}.Release|Win32.ActiveCfg = Release|Any CPU
		{50443047-E170-4880-85D7-B43689350C9E}.Debug|Any CPU.ActiveCfg = Debug|Any CPU
		{50443047-E170-4880-85D7-B43689350C9E}.Debug|Any CPU.Build.0 = Debug|Any CPU
		{50443047-E170-4880-85D7-B43689350C9E}.Debug|Mixed Platforms.ActiveCfg = Debug|Any CPU
		{50443047-E170-4880-85D7-B43689350C9E}.Debug|Win32.ActiveCfg = Debug|Any CPU
		{50443047-E170-4880-85D7-B43689350C9E}.Release|Any CPU.ActiveCfg = Release|Any CPU
		{50443047-E170-4880-85D7-B43689350C9E}.Release|Any CPU.Build.0 = Release|Any CPU
		{50443047-E170-4880-85D7-B43689350C9E}.Release|Mixed Platforms.ActiveCfg = Release|Any CPU
		{50443047-E170-4880-85D7-B43689350C9E}.Release|Mixed Platforms.Build.0 = Release|Any CPU
		{50443047-E170-4880-85D7-B43689350C9E}.Release|Win32.ActiveCfg = Release|Any CPU
		{83C42973-ADB9-43AA-88BB-834AA057BF03}.Debug|Any CPU.ActiveCfg = Debug|Any CPU
		{83C42973-ADB9-43AA-88BB-834AA057BF03}.Debug|Any CPU.Build.0 = Debug|Any CPU
		{83C42973-ADB9-43AA-88BB-834AA057BF03}.Debug|Mixed Platforms.ActiveCfg = Debug|Any CPU
		{83C42973-ADB9-43AA-88BB-834AA057BF03}.Debug|Win32.ActiveCfg = Debug|Any CPU
		{83C42973-ADB9-43AA-88BB-834AA057BF03}.Release|Any CPU.ActiveCfg = Release|Any CPU
		{83C42973-ADB9-43AA-88BB-834AA057BF03}.Release|Any CPU.Build.0 = Release|Any CPU
		{83C42973-ADB9-43AA-88BB-834AA057BF03}.Release|Mixed Platforms.ActiveCfg = Release|Any CPU
		{83C42973-ADB9-43AA-88BB-834AA057BF03}.Release|Mixed Platforms.Build.0 = Release|Any CPU
		{83C42973-ADB9-43AA-88BB-834AA057BF03}.Release|Win32.ActiveCfg = Release|Any CPU
		{01FBD4C8-029A-4B89-83A7-C27C6074560A}.Debug|Any CPU.ActiveCfg = Debug|Any CPU
		{01FBD4C8-029A-4B89-83A7-C27C6074560A}.Debug|Any CPU.Build.0 = Debug|Any CPU
		{01FBD4C8-029A-4B89-83A7-C27C6074560A}.Debug|Mixed Platforms.ActiveCfg = Debug|Any CPU
		{01FBD4C8-029A-4B89-83A7-C27C6074560A}.Debug|Win32.ActiveCfg = Debug|Any CPU
		{01FBD4C8-029A-4B89-83A7-C27C6074560A}.Release|Any CPU.ActiveCfg = Release|Any CPU
		{01FBD4C8-029A-4B89-83A7-C27C6074560A}.Release|Any CPU.Build.0 = Release|Any CPU
		{01FBD4C8-029A-4B89-83A7-C27C6074560A}.Release|Mixed Platforms.ActiveCfg = Release|Any CPU
		{01FBD4C8-029A-4B89-83A7-C27C6074560A}.Release|Mixed Platforms.Build.0 = Release|Any CPU
		{01FBD4C8-029A-4B89-83A7-C27C6074560A}.Release|Win32.ActiveCfg = Release|Any CPU
		{92885F0F-7535-4F55-987A-3D08124BF2E3}.Debug|Any CPU.ActiveCfg = Debug|Any CPU
		{92885F0F-7535-4F55-987A-3D08124BF2E3}.Debug|Any CPU.Build.0 = Debug|Any CPU
		{92885F0F-7535-4F55-987A-3D08124BF2E3}.Debug|Mixed Platforms.ActiveCfg = Debug|Any CPU
		{92885F0F-7535-4F55-987A-3D08124BF2E3}.Debug|Win32.ActiveCfg = Debug|Any CPU
		{92885F0F-7535-4F55-987A-3D08124BF2E3}.Release|Any CPU.ActiveCfg = Release|Any CPU
		{92885F0F-7535-4F55-987A-3D08124BF2E3}.Release|Any CPU.Build.0 = Release|Any CPU
		{92885F0F-7535-4F55-987A-3D08124BF2E3}.Release|Mixed Platforms.ActiveCfg = Release|Any CPU
		{92885F0F-7535-4F55-987A-3D08124BF2E3}.Release|Mixed Platforms.Build.0 = Release|Any CPU
		{92885F0F-7535-4F55-987A-3D08124BF2E3}.Release|Win32.ActiveCfg = Release|Any CPU
		{7736F553-8F86-4ED5-BC86-9EB4BFB7D2F1}.Debug|Any CPU.ActiveCfg = Debug|Any CPU
		{7736F553-8F86-4ED5-BC86-9EB4BFB7D2F1}.Debug|Any CPU.Build.0 = Debug|Any CPU
		{7736F553-8F86-4ED5-BC86-9EB4BFB7D2F1}.Debug|Mixed Platforms.ActiveCfg = Debug|Any CPU
		{7736F553-8F86-4ED5-BC86-9EB4BFB7D2F1}.Debug|Win32.ActiveCfg = Debug|Any CPU
		{7736F553-8F86-4ED5-BC86-9EB4BFB7D2F1}.Release|Any CPU.ActiveCfg = Release|Any CPU
		{7736F553-8F86-4ED5-BC86-9EB4BFB7D2F1}.Release|Any CPU.Build.0 = Release|Any CPU
		{7736F553-8F86-4ED5-BC86-9EB4BFB7D2F1}.Release|Mixed Platforms.ActiveCfg = Release|Any CPU
		{7736F553-8F86-4ED5-BC86-9EB4BFB7D2F1}.Release|Mixed Platforms.Build.0 = Release|Any CPU
		{7736F553-8F86-4ED5-BC86-9EB4BFB7D2F1}.Release|Win32.ActiveCfg = Release|Any CPU
		{428BF9DF-380D-4267-A375-5FE35862967F}.Debug|Any CPU.ActiveCfg = Debug|Any CPU
		{428BF9DF-380D-4267-A375-5FE35862967F}.Debug|Any CPU.Build.0 = Debug|Any CPU
		{428BF9DF-380D-4267-A375-5FE35862967F}.Debug|Mixed Platforms.ActiveCfg = Debug|Any CPU
		{428BF9DF-380D-4267-A375-5FE35862967F}.Debug|Win32.ActiveCfg = Debug|Any CPU
		{428BF9DF-380D-4267-A375-5FE35862967F}.Release|Any CPU.ActiveCfg = Release|Any CPU
		{428BF9DF-380D-4267-A375-5FE35862967F}.Release|Any CPU.Build.0 = Release|Any CPU
		{428BF9DF-380D-4267-A375-5FE35862967F}.Release|Mixed Platforms.ActiveCfg = Release|Any CPU
		{428BF9DF-380D-4267-A375-5FE35862967F}.Release|Mixed Platforms.Build.0 = Release|Any CPU
		{428BF9DF-380D-4267-A375-5FE35862967F}.Release|Win32.ActiveCfg = Release|Any CPU
	EndGlobalSection
	GlobalSection(SolutionProperties) = preSolution
		HideSolutionNode = FALSE
	EndGlobalSection
	GlobalSection(NestedProjects) = preSolution
		{54E74022-E77D-41BA-8B2E-96F7E5A26119} = {9CF9D978-78C2-4525-9D32-09A951F5F818}
		{F8F31DF9-95D5-4BCA-B957-9C7ED1743C30} = {9CF9D978-78C2-4525-9D32-09A951F5F818}
		{F08487E2-1689-416C-89CD-1C919202DA51} = {9CF9D978-78C2-4525-9D32-09A951F5F818}
		{44E7022A-977B-4C97-848E-26902FF6B424} = {9AE61DCB-928A-40E1-B304-5278C253272D}
		{604B0FE1-4F04-49B0-85C4-20F6BCBC8E5A} = {C5D3408D-C029-4A97-BB6C-86DB89575095}
		{50443047-E170-4880-85D7-B43689350C9E} = {9AE61DCB-928A-40E1-B304-5278C253272D}
		{83C42973-ADB9-43AA-88BB-834AA057BF03} = {9AE61DCB-928A-40E1-B304-5278C253272D}
		{01FBD4C8-029A-4B89-83A7-C27C6074560A} = {9AE61DCB-928A-40E1-B304-5278C253272D}
		{92885F0F-7535-4F55-987A-3D08124BF2E3} = {9AE61DCB-928A-40E1-B304-5278C253272D}
		{7736F553-8F86-4ED5-BC86-9EB4BFB7D2F1} = {ECCE9014-9E6E-4F7D-9255-66C680941A8D}
		{428BF9DF-380D-4267-A375-5FE35862967F} = {4D858205-41B7-4A6D-9BF4-423E16DABD3C}
	EndGlobalSection
EndGlobal
